{
  "name": "@activepieces/piece-pinecone",
  "version": "0.1.0",
  "lockfileVersion": 3,
  "requires": true,
  "packages": {
    "": {
      "name": "@activepieces/piece-pinecone",
      "version": "0.1.0",
      "dependencies": {
        "@pinecone-database/pinecone": "^3.0.3"
      }
    },
    "node_modules/@pinecone-database/pinecone": {
      "version": "3.0.3",
      "resolved": "https://registry.npmjs.org/@pinecone-database/pinecone/-/pinecone-3.0.3.tgz",
      "integrity": "sha512-0cAG0d/6knVZgVyXM1II4qG3dyOepLuAQsCXTOJomdA7iQxf+/Om9mq9Cw4QObr56oZ+lqtptlw5qz0BQaBX2Q==",
      "license": "Apache-2.0",
      "dependencies": {
        "encoding": "^0.1.13"
      },
      "engines": {
        "node": ">=18.0.0"
      }
    },
    "node_modules/encoding": {
      "version": "0.1.13",
      "resolved": "https://registry.npmjs.org/encoding/-/encoding-0.1.13.tgz",
      "integrity": "sha512-ETBauow1T35Y/WZMkio9jiM0Z5xjHHmJ4XmjZOq1l/dXz3lr2sRn87nJy20RupqSh1F2m3HHPSp8ShIPQJrJ3A==",
      "license": "MIT",
      "dependencies": {
        "iconv-lite": "^0.6.2"
      }
    },
    "node_modules/iconv-lite": {
      "version": "0.6.3",
      "resolved": "https://registry.npmjs.org/iconv-lite/-/iconv-lite-0.6.3.tgz",
      "integrity": "sha512-4fCk79wshMdzMp2rH06qWrJE4iolqLhCUH+OiuIgU++RB0+94NlDL81atO7GX55uUKueo0txHNtvEyI6D7WdMw==",
      "license": "MIT",
      "dependencies": {
        "safer-buffer": ">= 2.1.2 < 3.0.0"
      },
      "engines": {
        "node": ">=0.10.0"
      }
    },
    "node_modules/safer-buffer": {
      "version": "2.1.2",
      "resolved": "https://registry.npmjs.org/safer-buffer/-/safer-buffer-2.1.2.tgz",
      "integrity": "sha512-YZo3K82SD7Riyi0E1EQPojLz7kpepnSQI9IyPbHHg1XXXevb5dJI7tpyN2ADxGcQbHG7vcyRHk0cbwqcQriUtg==",
      "license": "MIT"
    }
  }
}
