lockfileVersion: '6.0'

settings:
  autoInstallPeers: true
  excludeLinksFromLockfile: false

dependencies:
  '@ai-sdk/provider':
    specifier: ^2.0.0
    version: 2.0.0

packages:
  /@ai-sdk/provider@2.0.0:
    resolution:
      {
        integrity: sha512-6o7Y2SeO9vFKB8lArHXehNuusnpddKPk7xqL7T2/b+OvXMRIXUO1rR4wcv1hAFUAT9avGZshty3Wlua/XA7TvA==,
      }
    engines: { node: '>=18' }
    dependencies:
      json-schema: 0.4.0
    dev: false

  /json-schema@0.4.0:
    resolution:
      {
        integrity: sha512-es94M3nTIfsEPisRafak+HDLfHXnKBhV3vU5eqPcS3flIWqcxJWgXHXiey3YrpaNsanY5ei1VoYEbOzijuq9BA==,
      }
    dev: false
