{
  "lockfileVersion": 1,
  "workspaces": {
    "": {
      "name": "@activepieces/piece-hume-ai",
      "dependencies": {
        "hume": "^0.15.6",
        "tslib": "^2.3.0",
      },
    },
  },
  "packages": {
    "hume": ["hume@0.15.6", "", { "dependencies": { "uuid": "9.0.1", "ws": "^8.16.0", "zod": "^3.23.8" } }, "sha512-dO2F+z/6OzW8MyHJlAySuCKsqTJk1krViSEcdlGTd5M/TwFvvoN8QdvTv90HFL2GYUXgUXCquKgRpO0GjVrHFA=="],

    "tslib": ["tslib@2.8.1", "", {}, "sha512-oJFu94HQb+KVduSUQL7wnpmqnfmLsOA/nAh6b6EH0wCEoK0/mPeXU6c3wKDV83MkOuHPRHtSXKKU99IBazS/2w=="],

    "uuid": ["uuid@9.0.1", "", { "bin": { "uuid": "dist/bin/uuid" } }, "sha512-b+1eJOlsR9K8HJpow9Ok3fiWOWSIcIzXodvv0rQjVoOVNpWMpxf1wZNpt4y9h10odCNrqnYp1OBzRktckBe3sA=="],

    "ws": ["ws@8.18.3", "", { "peerDependencies": { "bufferutil": "^4.0.1", "utf-8-validate": ">=5.0.2" }, "optionalPeers": ["bufferutil", "utf-8-validate"] }, "sha512-PEIGCY5tSlUt50cqyMXfCzX+oOPqN0vuGqWzbcJ2xvnkzkq46oOpz7dQaTDBdfICb4N14+GARUDw2XV2N4tvzg=="],

    "zod": ["zod@3.25.76", "", {}, "sha512-gzUt/qt81nXsFGKIFcC3YnfEAx5NkunCfnDlvuBSSFS02bcXu4Lmea0AFIUwbLWxWPx3d9p8S5QoaujKcNQxcQ=="],
  }
}
