{
  "name": "@activepieces/piece-amazon-ses",
  "version": "0.0.1",
  "lockfileVersion": 3,
  "requires": true,
  "packages": {
    "": {
      "name": "@activepieces/piece-amazon-ses",
      "version": "0.0.1",
      "dependencies": {
        "@aws-sdk/client-ses": "3.864.0"
      }
    },
    "node_modules/@aws-crypto/sha256-browser": {
      "version": "5.2.0",
      "resolved": "https://registry.npmjs.org/@aws-crypto/sha256-browser/-/sha256-browser-5.2.0.tgz",
      "integrity": "sha512-AXfN/lGotSQwu6HNcEsIASo7kWXZ5HYWvfOmSNKDsEqC4OashTp8alTmaz+F7TC2L083SFv5RdB+qU3Vs1kZqw==",
      "dependencies": {
        "@aws-crypto/sha256-js": "^5.2.0",
        "@aws-crypto/supports-web-crypto": "^5.2.0",
        "@aws-crypto/util": "^5.2.0",
        "@aws-sdk/types": "^3.222.0",
        "@aws-sdk/util-locate-window": "^3.0.0",
        "@smithy/util-utf8": "^2.0.0",
        "tslib": "^2.6.2"
      }
    },
    "node_modules/@aws-crypto/sha256-browser/node_modules/@smithy/is-array-buffer": {
      "version": "2.2.0",
      "resolved": "https://registry.npmjs.org/@smithy/is-array-buffer/-/is-array-buffer-2.2.0.tgz",
      "integrity": "sha512-GGP3O9QFD24uGeAXYUjwSTXARoqpZykHadOmA8G5vfJPK0/DC67qa//0qvqrJzL1xc8WQWX7/yc7fwudjPHPhA==",
      "dependencies": {
        "tslib": "^2.6.2"
      },
      "engines": {
        "node": ">=14.0.0"
      }
    },
    "node_modules/@aws-crypto/sha256-browser/node_modules/@smithy/util-buffer-from": {
      "version": "2.2.0",
      "resolved": "https://registry.npmjs.org/@smithy/util-buffer-from/-/util-buffer-from-2.2.0.tgz",
      "integrity": "sha512-IJdWBbTcMQ6DA0gdNhh/BwrLkDR+ADW5Kr1aZmd4k3DIF6ezMV4R2NIAmT08wQJ3yUK82thHWmC/TnK/wpMMIA==",
      "dependencies": {
        "@smithy/is-array-buffer": "^2.2.0",
        "tslib": "^2.6.2"
      },
      "engines": {
        "node": ">=14.0.0"
      }
    },
    "node_modules/@aws-crypto/sha256-browser/node_modules/@smithy/util-utf8": {
      "version": "2.3.0",
      "resolved": "https://registry.npmjs.org/@smithy/util-utf8/-/util-utf8-2.3.0.tgz",
      "integrity": "sha512-R8Rdn8Hy72KKcebgLiv8jQcQkXoLMOGGv5uI1/k0l+snqkOzQ1R0ChUBCxWMlBsFMekWjq0wRudIweFs7sKT5A==",
      "dependencies": {
        "@smithy/util-buffer-from": "^2.2.0",
        "tslib": "^2.6.2"
      },
      "engines": {
        "node": ">=14.0.0"
      }
    },
    "node_modules/@aws-crypto/sha256-js": {
      "version": "5.2.0",
      "resolved": "https://registry.npmjs.org/@aws-crypto/sha256-js/-/sha256-js-5.2.0.tgz",
      "integrity": "sha512-FFQQyu7edu4ufvIZ+OadFpHHOt+eSTBaYaki44c+akjg7qZg9oOQeLlk77F6tSYqjDAFClrHJk9tMf0HdVyOvA==",
      "dependencies": {
        "@aws-crypto/util": "^5.2.0",
        "@aws-sdk/types": "^3.222.0",
        "tslib": "^2.6.2"
      },
      "engines": {
        "node": ">=16.0.0"
      }
    },
    "node_modules/@aws-crypto/supports-web-crypto": {
      "version": "5.2.0",
      "resolved": "https://registry.npmjs.org/@aws-crypto/supports-web-crypto/-/supports-web-crypto-5.2.0.tgz",
      "integrity": "sha512-iAvUotm021kM33eCdNfwIN//F77/IADDSs58i+MDaOqFrVjZo9bAal0NK7HurRuWLLpF1iLX7gbWrjHjeo+YFg==",
      "dependencies": {
        "tslib": "^2.6.2"
      }
    },
    "node_modules/@aws-crypto/util": {
      "version": "5.2.0",
      "resolved": "https://registry.npmjs.org/@aws-crypto/util/-/util-5.2.0.tgz",
      "integrity": "sha512-4RkU9EsI6ZpBve5fseQlGNUWKMa1RLPQ1dnjnQoe07ldfIzcsGb5hC5W0Dm7u423KWzawlrpbjXBrXCEv9zazQ==",
      "dependencies": {
        "@aws-sdk/types": "^3.222.0",
        "@smithy/util-utf8": "^2.0.0",
        "tslib": "^2.6.2"
      }
    },
    "node_modules/@aws-crypto/util/node_modules/@smithy/is-array-buffer": {
      "version": "2.2.0",
      "resolved": "https://registry.npmjs.org/@smithy/is-array-buffer/-/is-array-buffer-2.2.0.tgz",
      "integrity": "sha512-GGP3O9QFD24uGeAXYUjwSTXARoqpZykHadOmA8G5vfJPK0/DC67qa//0qvqrJzL1xc8WQWX7/yc7fwudjPHPhA==",
      "dependencies": {
        "tslib": "^2.6.2"
      },
      "engines": {
        "node": ">=14.0.0"
      }
    },
    "node_modules/@aws-crypto/util/node_modules/@smithy/util-buffer-from": {
      "version": "2.2.0",
      "resolved": "https://registry.npmjs.org/@smithy/util-buffer-from/-/util-buffer-from-2.2.0.tgz",
      "integrity": "sha512-IJdWBbTcMQ6DA0gdNhh/BwrLkDR+ADW5Kr1aZmd4k3DIF6ezMV4R2NIAmT08wQJ3yUK82thHWmC/TnK/wpMMIA==",
      "dependencies": {
        "@smithy/is-array-buffer": "^2.2.0",
        "tslib": "^2.6.2"
      },
      "engines": {
        "node": ">=14.0.0"
      }
    },
    "node_modules/@aws-crypto/util/node_modules/@smithy/util-utf8": {
      "version": "2.3.0",
      "resolved": "https://registry.npmjs.org/@smithy/util-utf8/-/util-utf8-2.3.0.tgz",
      "integrity": "sha512-R8Rdn8Hy72KKcebgLiv8jQcQkXoLMOGGv5uI1/k0l+snqkOzQ1R0ChUBCxWMlBsFMekWjq0wRudIweFs7sKT5A==",
      "dependencies": {
        "@smithy/util-buffer-from": "^2.2.0",
        "tslib": "^2.6.2"
      },
      "engines": {
        "node": ">=14.0.0"
      }
    },
    "node_modules/@aws-sdk/client-ses": {
      "version": "3.864.0",
      "resolved": "https://registry.npmjs.org/@aws-sdk/client-ses/-/client-ses-3.864.0.tgz",
      "integrity": "sha512-cmsOrJZsrNa892gD2cAsbVkweDulgmC8PE38cz//bM//1BW/R1MMFClapF+Q9gACtsRVTRBXNtsIsBq8Gm1Urw==",
      "dependencies": {
        "@aws-crypto/sha256-browser": "5.2.0",
        "@aws-crypto/sha256-js": "5.2.0",
        "@aws-sdk/core": "3.864.0",
        "@aws-sdk/credential-provider-node": "3.864.0",
        "@aws-sdk/middleware-host-header": "3.862.0",
        "@aws-sdk/middleware-logger": "3.862.0",
        "@aws-sdk/middleware-recursion-detection": "3.862.0",
        "@aws-sdk/middleware-user-agent": "3.864.0",
        "@aws-sdk/region-config-resolver": "3.862.0",
        "@aws-sdk/types": "3.862.0",
        "@aws-sdk/util-endpoints": "3.862.0",
        "@aws-sdk/util-user-agent-browser": "3.862.0",
        "@aws-sdk/util-user-agent-node": "3.864.0",
        "@smithy/config-resolver": "^4.1.5",
        "@smithy/core": "^3.8.0",
        "@smithy/fetch-http-handler": "^5.1.1",
        "@smithy/hash-node": "^4.0.5",
        "@smithy/invalid-dependency": "^4.0.5",
        "@smithy/middleware-content-length": "^4.0.5",
        "@smithy/middleware-endpoint": "^4.1.18",
        "@smithy/middleware-retry": "^4.1.19",
        "@smithy/middleware-serde": "^4.0.9",
        "@smithy/middleware-stack": "^4.0.5",
        "@smithy/node-config-provider": "^4.1.4",
        "@smithy/node-http-handler": "^4.1.1",
        "@smithy/protocol-http": "^5.1.3",
        "@smithy/smithy-client": "^4.4.10",
        "@smithy/types": "^4.3.2",
        "@smithy/url-parser": "^4.0.5",
        "@smithy/util-base64": "^4.0.0",
        "@smithy/util-body-length-browser": "^4.0.0",
        "@smithy/util-body-length-node": "^4.0.0",
        "@smithy/util-defaults-mode-browser": "^4.0.26",
        "@smithy/util-defaults-mode-node": "^4.0.26",
        "@smithy/util-endpoints": "^3.0.7",
        "@smithy/util-middleware": "^4.0.5",
        "@smithy/util-retry": "^4.0.7",
        "@smithy/util-utf8": "^4.0.0",
        "@smithy/util-waiter": "^4.0.7",
        "tslib": "^2.6.2"
      },
      "engines": {
        "node": ">=18.0.0"
      }
    },
    "node_modules/@aws-sdk/client-sso": {
      "version": "3.864.0",
      "resolved": "https://registry.npmjs.org/@aws-sdk/client-sso/-/client-sso-3.864.0.tgz",
      "integrity": "sha512-THiOp0OpQROEKZ6IdDCDNNh3qnNn/kFFaTSOiugDpgcE5QdsOxh1/RXq7LmHpTJum3cmnFf8jG59PHcz9Tjnlw==",
      "dependencies": {
        "@aws-crypto/sha256-browser": "5.2.0",
        "@aws-crypto/sha256-js": "5.2.0",
        "@aws-sdk/core": "3.864.0",
        "@aws-sdk/middleware-host-header": "3.862.0",
        "@aws-sdk/middleware-logger": "3.862.0",
        "@aws-sdk/middleware-recursion-detection": "3.862.0",
        "@aws-sdk/middleware-user-agent": "3.864.0",
        "@aws-sdk/region-config-resolver": "3.862.0",
        "@aws-sdk/types": "3.862.0",
        "@aws-sdk/util-endpoints": "3.862.0",
        "@aws-sdk/util-user-agent-browser": "3.862.0",
        "@aws-sdk/util-user-agent-node": "3.864.0",
        "@smithy/config-resolver": "^4.1.5",
        "@smithy/core": "^3.8.0",
        "@smithy/fetch-http-handler": "^5.1.1",
        "@smithy/hash-node": "^4.0.5",
        "@smithy/invalid-dependency": "^4.0.5",
        "@smithy/middleware-content-length": "^4.0.5",
        "@smithy/middleware-endpoint": "^4.1.18",
        "@smithy/middleware-retry": "^4.1.19",
        "@smithy/middleware-serde": "^4.0.9",
        "@smithy/middleware-stack": "^4.0.5",
        "@smithy/node-config-provider": "^4.1.4",
        "@smithy/node-http-handler": "^4.1.1",
        "@smithy/protocol-http": "^5.1.3",
        "@smithy/smithy-client": "^4.4.10",
        "@smithy/types": "^4.3.2",
        "@smithy/url-parser": "^4.0.5",
        "@smithy/util-base64": "^4.0.0",
        "@smithy/util-body-length-browser": "^4.0.0",
        "@smithy/util-body-length-node": "^4.0.0",
        "@smithy/util-defaults-mode-browser": "^4.0.26",
        "@smithy/util-defaults-mode-node": "^4.0.26",
        "@smithy/util-endpoints": "^3.0.7",
        "@smithy/util-middleware": "^4.0.5",
        "@smithy/util-retry": "^4.0.7",
        "@smithy/util-utf8": "^4.0.0",
        "tslib": "^2.6.2"
      },
      "engines": {
        "node": ">=18.0.0"
      }
    },
    "node_modules/@aws-sdk/core": {
      "version": "3.864.0",
      "resolved": "https://registry.npmjs.org/@aws-sdk/core/-/core-3.864.0.tgz",
      "integrity": "sha512-LFUREbobleHEln+Zf7IG83lAZwvHZG0stI7UU0CtwyuhQy5Yx0rKksHNOCmlM7MpTEbSCfntEhYi3jUaY5e5lg==",
      "dependencies": {
        "@aws-sdk/types": "3.862.0",
        "@aws-sdk/xml-builder": "3.862.0",
        "@smithy/core": "^3.8.0",
        "@smithy/node-config-provider": "^4.1.4",
        "@smithy/property-provider": "^4.0.5",
        "@smithy/protocol-http": "^5.1.3",
        "@smithy/signature-v4": "^5.1.3",
        "@smithy/smithy-client": "^4.4.10",
        "@smithy/types": "^4.3.2",
        "@smithy/util-base64": "^4.0.0",
        "@smithy/util-body-length-browser": "^4.0.0",
        "@smithy/util-middleware": "^4.0.5",
        "@smithy/util-utf8": "^4.0.0",
        "fast-xml-parser": "5.2.5",
        "tslib": "^2.6.2"
      },
      "engines": {
        "node": ">=18.0.0"
      }
    },
    "node_modules/@aws-sdk/credential-provider-env": {
      "version": "3.864.0",
      "resolved": "https://registry.npmjs.org/@aws-sdk/credential-provider-env/-/credential-provider-env-3.864.0.tgz",
      "integrity": "sha512-StJPOI2Rt8UE6lYjXUpg6tqSZaM72xg46ljPg8kIevtBAAfdtq9K20qT/kSliWGIBocMFAv0g2mC0hAa+ECyvg==",
      "dependencies": {
        "@aws-sdk/core": "3.864.0",
        "@aws-sdk/types": "3.862.0",
        "@smithy/property-provider": "^4.0.5",
        "@smithy/types": "^4.3.2",
        "tslib": "^2.6.2"
      },
      "engines": {
        "node": ">=18.0.0"
      }
    },
    "node_modules/@aws-sdk/credential-provider-http": {
      "version": "3.864.0",
      "resolved": "https://registry.npmjs.org/@aws-sdk/credential-provider-http/-/credential-provider-http-3.864.0.tgz",
      "integrity": "sha512-E/RFVxGTuGnuD+9pFPH2j4l6HvrXzPhmpL8H8nOoJUosjx7d4v93GJMbbl1v/fkDLqW9qN4Jx2cI6PAjohA6OA==",
      "dependencies": {
        "@aws-sdk/core": "3.864.0",
        "@aws-sdk/types": "3.862.0",
        "@smithy/fetch-http-handler": "^5.1.1",
        "@smithy/node-http-handler": "^4.1.1",
        "@smithy/property-provider": "^4.0.5",
        "@smithy/protocol-http": "^5.1.3",
        "@smithy/smithy-client": "^4.4.10",
        "@smithy/types": "^4.3.2",
        "@smithy/util-stream": "^4.2.4",
        "tslib": "^2.6.2"
      },
      "engines": {
        "node": ">=18.0.0"
      }
    },
    "node_modules/@aws-sdk/credential-provider-ini": {
      "version": "3.864.0",
      "resolved": "https://registry.npmjs.org/@aws-sdk/credential-provider-ini/-/credential-provider-ini-3.864.0.tgz",
      "integrity": "sha512-PlxrijguR1gxyPd5EYam6OfWLarj2MJGf07DvCx9MAuQkw77HBnsu6+XbV8fQriFuoJVTBLn9ROhMr/ROAYfUg==",
      "dependencies": {
        "@aws-sdk/core": "3.864.0",
        "@aws-sdk/credential-provider-env": "3.864.0",
        "@aws-sdk/credential-provider-http": "3.864.0",
        "@aws-sdk/credential-provider-process": "3.864.0",
        "@aws-sdk/credential-provider-sso": "3.864.0",
        "@aws-sdk/credential-provider-web-identity": "3.864.0",
        "@aws-sdk/nested-clients": "3.864.0",
        "@aws-sdk/types": "3.862.0",
        "@smithy/credential-provider-imds": "^4.0.7",
        "@smithy/property-provider": "^4.0.5",
        "@smithy/shared-ini-file-loader": "^4.0.5",
        "@smithy/types": "^4.3.2",
        "tslib": "^2.6.2"
      },
      "engines": {
        "node": ">=18.0.0"
      }
    },
    "node_modules/@aws-sdk/credential-provider-node": {
      "version": "3.864.0",
      "resolved": "https://registry.npmjs.org/@aws-sdk/credential-provider-node/-/credential-provider-node-3.864.0.tgz",
      "integrity": "sha512-2BEymFeXURS+4jE9tP3vahPwbYRl0/1MVaFZcijj6pq+nf5EPGvkFillbdBRdc98ZI2NedZgSKu3gfZXgYdUhQ==",
      "dependencies": {
        "@aws-sdk/credential-provider-env": "3.864.0",
        "@aws-sdk/credential-provider-http": "3.864.0",
        "@aws-sdk/credential-provider-ini": "3.864.0",
        "@aws-sdk/credential-provider-process": "3.864.0",
        "@aws-sdk/credential-provider-sso": "3.864.0",
        "@aws-sdk/credential-provider-web-identity": "3.864.0",
        "@aws-sdk/types": "3.862.0",
        "@smithy/credential-provider-imds": "^4.0.7",
        "@smithy/property-provider": "^4.0.5",
        "@smithy/shared-ini-file-loader": "^4.0.5",
        "@smithy/types": "^4.3.2",
        "tslib": "^2.6.2"
      },
      "engines": {
        "node": ">=18.0.0"
      }
    },
    "node_modules/@aws-sdk/credential-provider-process": {
      "version": "3.864.0",
      "resolved": "https://registry.npmjs.org/@aws-sdk/credential-provider-process/-/credential-provider-process-3.864.0.tgz",
      "integrity": "sha512-Zxnn1hxhq7EOqXhVYgkF4rI9MnaO3+6bSg/tErnBQ3F8kDpA7CFU24G1YxwaJXp2X4aX3LwthefmSJHwcVP/2g==",
      "dependencies": {
        "@aws-sdk/core": "3.864.0",
        "@aws-sdk/types": "3.862.0",
        "@smithy/property-provider": "^4.0.5",
        "@smithy/shared-ini-file-loader": "^4.0.5",
        "@smithy/types": "^4.3.2",
        "tslib": "^2.6.2"
      },
      "engines": {
        "node": ">=18.0.0"
      }
    },
    "node_modules/@aws-sdk/credential-provider-sso": {
      "version": "3.864.0",
      "resolved": "https://registry.npmjs.org/@aws-sdk/credential-provider-sso/-/credential-provider-sso-3.864.0.tgz",
      "integrity": "sha512-UPyPNQbxDwHVGmgWdGg9/9yvzuedRQVF5jtMkmP565YX9pKZ8wYAcXhcYdNPWFvH0GYdB0crKOmvib+bmCuwkw==",
      "dependencies": {
        "@aws-sdk/client-sso": "3.864.0",
        "@aws-sdk/core": "3.864.0",
        "@aws-sdk/token-providers": "3.864.0",
        "@aws-sdk/types": "3.862.0",
        "@smithy/property-provider": "^4.0.5",
        "@smithy/shared-ini-file-loader": "^4.0.5",
        "@smithy/types": "^4.3.2",
        "tslib": "^2.6.2"
      },
      "engines": {
        "node": ">=18.0.0"
      }
    },
    "node_modules/@aws-sdk/credential-provider-web-identity": {
      "version": "3.864.0",
      "resolved": "https://registry.npmjs.org/@aws-sdk/credential-provider-web-identity/-/credential-provider-web-identity-3.864.0.tgz",
      "integrity": "sha512-nNcjPN4SYg8drLwqK0vgVeSvxeGQiD0FxOaT38mV2H8cu0C5NzpvA+14Xy+W6vT84dxgmJYKk71Cr5QL2Oz+rA==",
      "dependencies": {
        "@aws-sdk/core": "3.864.0",
        "@aws-sdk/nested-clients": "3.864.0",
        "@aws-sdk/types": "3.862.0",
        "@smithy/property-provider": "^4.0.5",
        "@smithy/types": "^4.3.2",
        "tslib": "^2.6.2"
      },
      "engines": {
        "node": ">=18.0.0"
      }
    },
    "node_modules/@aws-sdk/middleware-host-header": {
      "version": "3.862.0",
      "resolved": "https://registry.npmjs.org/@aws-sdk/middleware-host-header/-/middleware-host-header-3.862.0.tgz",
      "integrity": "sha512-jDje8dCFeFHfuCAxMDXBs8hy8q9NCTlyK4ThyyfAj3U4Pixly2mmzY2u7b7AyGhWsjJNx8uhTjlYq5zkQPQCYw==",
      "dependencies": {
        "@aws-sdk/types": "3.862.0",
        "@smithy/protocol-http": "^5.1.3",
        "@smithy/types": "^4.3.2",
        "tslib": "^2.6.2"
      },
      "engines": {
        "node": ">=18.0.0"
      }
    },
    "node_modules/@aws-sdk/middleware-logger": {
      "version": "3.862.0",
      "resolved": "https://registry.npmjs.org/@aws-sdk/middleware-logger/-/middleware-logger-3.862.0.tgz",
      "integrity": "sha512-N/bXSJznNBR/i7Ofmf9+gM6dx/SPBK09ZWLKsW5iQjqKxAKn/2DozlnE54uiEs1saHZWoNDRg69Ww4XYYSlG1Q==",
      "dependencies": {
        "@aws-sdk/types": "3.862.0",
        "@smithy/types": "^4.3.2",
        "tslib": "^2.6.2"
      },
      "engines": {
        "node": ">=18.0.0"
      }
    },
    "node_modules/@aws-sdk/middleware-recursion-detection": {
      "version": "3.862.0",
      "resolved": "https://registry.npmjs.org/@aws-sdk/middleware-recursion-detection/-/middleware-recursion-detection-3.862.0.tgz",
      "integrity": "sha512-KVoo3IOzEkTq97YKM4uxZcYFSNnMkhW/qj22csofLegZi5fk90ztUnnaeKfaEJHfHp/tm1Y3uSoOXH45s++kKQ==",
      "dependencies": {
        "@aws-sdk/types": "3.862.0",
        "@smithy/protocol-http": "^5.1.3",
        "@smithy/types": "^4.3.2",
        "tslib": "^2.6.2"
      },
      "engines": {
        "node": ">=18.0.0"
      }
    },
    "node_modules/@aws-sdk/middleware-user-agent": {
      "version": "3.864.0",
      "resolved": "https://registry.npmjs.org/@aws-sdk/middleware-user-agent/-/middleware-user-agent-3.864.0.tgz",
      "integrity": "sha512-wrddonw4EyLNSNBrApzEhpSrDwJiNfjxDm5E+bn8n32BbAojXASH8W8jNpxz/jMgNkkJNxCfyqybGKzBX0OhbQ==",
      "dependencies": {
        "@aws-sdk/core": "3.864.0",
        "@aws-sdk/types": "3.862.0",
        "@aws-sdk/util-endpoints": "3.862.0",
        "@smithy/core": "^3.8.0",
        "@smithy/protocol-http": "^5.1.3",
        "@smithy/types": "^4.3.2",
        "tslib": "^2.6.2"
      },
      "engines": {
        "node": ">=18.0.0"
      }
    },
    "node_modules/@aws-sdk/nested-clients": {
      "version": "3.864.0",
      "resolved": "https://registry.npmjs.org/@aws-sdk/nested-clients/-/nested-clients-3.864.0.tgz",
      "integrity": "sha512-H1C+NjSmz2y8Tbgh7Yy89J20yD/hVyk15hNoZDbCYkXg0M358KS7KVIEYs8E2aPOCr1sK3HBE819D/yvdMgokA==",
      "dependencies": {
        "@aws-crypto/sha256-browser": "5.2.0",
        "@aws-crypto/sha256-js": "5.2.0",
        "@aws-sdk/core": "3.864.0",
        "@aws-sdk/middleware-host-header": "3.862.0",
        "@aws-sdk/middleware-logger": "3.862.0",
        "@aws-sdk/middleware-recursion-detection": "3.862.0",
        "@aws-sdk/middleware-user-agent": "3.864.0",
        "@aws-sdk/region-config-resolver": "3.862.0",
        "@aws-sdk/types": "3.862.0",
        "@aws-sdk/util-endpoints": "3.862.0",
        "@aws-sdk/util-user-agent-browser": "3.862.0",
        "@aws-sdk/util-user-agent-node": "3.864.0",
        "@smithy/config-resolver": "^4.1.5",
        "@smithy/core": "^3.8.0",
        "@smithy/fetch-http-handler": "^5.1.1",
        "@smithy/hash-node": "^4.0.5",
        "@smithy/invalid-dependency": "^4.0.5",
        "@smithy/middleware-content-length": "^4.0.5",
        "@smithy/middleware-endpoint": "^4.1.18",
        "@smithy/middleware-retry": "^4.1.19",
        "@smithy/middleware-serde": "^4.0.9",
        "@smithy/middleware-stack": "^4.0.5",
        "@smithy/node-config-provider": "^4.1.4",
        "@smithy/node-http-handler": "^4.1.1",
        "@smithy/protocol-http": "^5.1.3",
        "@smithy/smithy-client": "^4.4.10",
        "@smithy/types": "^4.3.2",
        "@smithy/url-parser": "^4.0.5",
        "@smithy/util-base64": "^4.0.0",
        "@smithy/util-body-length-browser": "^4.0.0",
        "@smithy/util-body-length-node": "^4.0.0",
        "@smithy/util-defaults-mode-browser": "^4.0.26",
        "@smithy/util-defaults-mode-node": "^4.0.26",
        "@smithy/util-endpoints": "^3.0.7",
        "@smithy/util-middleware": "^4.0.5",
        "@smithy/util-retry": "^4.0.7",
        "@smithy/util-utf8": "^4.0.0",
        "tslib": "^2.6.2"
      },
      "engines": {
        "node": ">=18.0.0"
      }
    },
    "node_modules/@aws-sdk/region-config-resolver": {
      "version": "3.862.0",
      "resolved": "https://registry.npmjs.org/@aws-sdk/region-config-resolver/-/region-config-resolver-3.862.0.tgz",
      "integrity": "sha512-VisR+/HuVFICrBPY+q9novEiE4b3mvDofWqyvmxHcWM7HumTz9ZQSuEtnlB/92GVM3KDUrR9EmBHNRrfXYZkcQ==",
      "dependencies": {
        "@aws-sdk/types": "3.862.0",
        "@smithy/node-config-provider": "^4.1.4",
        "@smithy/types": "^4.3.2",
        "@smithy/util-config-provider": "^4.0.0",
        "@smithy/util-middleware": "^4.0.5",
        "tslib": "^2.6.2"
      },
      "engines": {
        "node": ">=18.0.0"
      }
    },
    "node_modules/@aws-sdk/token-providers": {
      "version": "3.864.0",
      "resolved": "https://registry.npmjs.org/@aws-sdk/token-providers/-/token-providers-3.864.0.tgz",
      "integrity": "sha512-gTc2QHOBo05SCwVA65dUtnJC6QERvFaPiuppGDSxoF7O5AQNK0UR/kMSenwLqN8b5E1oLYvQTv3C1idJLRX0cg==",
      "dependencies": {
        "@aws-sdk/core": "3.864.0",
        "@aws-sdk/nested-clients": "3.864.0",
        "@aws-sdk/types": "3.862.0",
        "@smithy/property-provider": "^4.0.5",
        "@smithy/shared-ini-file-loader": "^4.0.5",
        "@smithy/types": "^4.3.2",
        "tslib": "^2.6.2"
      },
      "engines": {
        "node": ">=18.0.0"
      }
    },
    "node_modules/@aws-sdk/types": {
      "version": "3.862.0",
      "resolved": "https://registry.npmjs.org/@aws-sdk/types/-/types-3.862.0.tgz",
      "integrity": "sha512-Bei+RL0cDxxV+lW2UezLbCYYNeJm6Nzee0TpW0FfyTRBhH9C1XQh4+x+IClriXvgBnRquTMMYsmJfvx8iyLKrg==",
      "dependencies": {
        "@smithy/types": "^4.3.2",
        "tslib": "^2.6.2"
      },
      "engines": {
        "node": ">=18.0.0"
      }
    },
    "node_modules/@aws-sdk/util-endpoints": {
      "version": "3.862.0",
      "resolved": "https://registry.npmjs.org/@aws-sdk/util-endpoints/-/util-endpoints-3.862.0.tgz",
      "integrity": "sha512-eCZuScdE9MWWkHGM2BJxm726MCmWk/dlHjOKvkM0sN1zxBellBMw5JohNss1Z8/TUmnW2gb9XHTOiHuGjOdksA==",
      "dependencies": {
        "@aws-sdk/types": "3.862.0",
        "@smithy/types": "^4.3.2",
        "@smithy/url-parser": "^4.0.5",
        "@smithy/util-endpoints": "^3.0.7",
        "tslib": "^2.6.2"
      },
      "engines": {
        "node": ">=18.0.0"
      }
    },
    "node_modules/@aws-sdk/util-locate-window": {
      "version": "3.804.0",
      "resolved": "https://registry.npmjs.org/@aws-sdk/util-locate-window/-/util-locate-window-3.804.0.tgz",
      "integrity": "sha512-zVoRfpmBVPodYlnMjgVjfGoEZagyRF5IPn3Uo6ZvOZp24chnW/FRstH7ESDHDDRga4z3V+ElUQHKpFDXWyBW5A==",
      "dependencies": {
        "tslib": "^2.6.2"
      },
      "engines": {
        "node": ">=18.0.0"
      }
    },
    "node_modules/@aws-sdk/util-user-agent-browser": {
      "version": "3.862.0",
      "resolved": "https://registry.npmjs.org/@aws-sdk/util-user-agent-browser/-/util-user-agent-browser-3.862.0.tgz",
      "integrity": "sha512-BmPTlm0r9/10MMr5ND9E92r8KMZbq5ltYXYpVcUbAsnB1RJ8ASJuRoLne5F7mB3YMx0FJoOTuSq7LdQM3LgW3Q==",
      "dependencies": {
        "@aws-sdk/types": "3.862.0",
        "@smithy/types": "^4.3.2",
        "bowser": "^2.11.0",
        "tslib": "^2.6.2"
      }
    },
    "node_modules/@aws-sdk/util-user-agent-node": {
      "version": "3.864.0",
      "resolved": "https://registry.npmjs.org/@aws-sdk/util-user-agent-node/-/util-user-agent-node-3.864.0.tgz",
      "integrity": "sha512-d+FjUm2eJEpP+FRpVR3z6KzMdx1qwxEYDz8jzNKwxYLBBquaBaP/wfoMtMQKAcbrR7aT9FZVZF7zDgzNxUvQlQ==",
      "dependencies": {
        "@aws-sdk/middleware-user-agent": "3.864.0",
        "@aws-sdk/types": "3.862.0",
        "@smithy/node-config-provider": "^4.1.4",
        "@smithy/types": "^4.3.2",
        "tslib": "^2.6.2"
      },
      "engines": {
        "node": ">=18.0.0"
      },
      "peerDependencies": {
        "aws-crt": ">=1.0.0"
      },
      "peerDependenciesMeta": {
        "aws-crt": {
          "optional": true
        }
      }
    },
    "node_modules/@aws-sdk/xml-builder": {
      "version": "3.862.0",
      "resolved": "https://registry.npmjs.org/@aws-sdk/xml-builder/-/xml-builder-3.862.0.tgz",
      "integrity": "sha512-6Ed0kmC1NMbuFTEgNmamAUU1h5gShgxL1hBVLbEzUa3trX5aJBz1vU4bXaBTvOYUAnOHtiy1Ml4AMStd6hJnFA==",
      "dependencies": {
        "@smithy/types": "^4.3.2",
        "tslib": "^2.6.2"
      },
      "engines": {
        "node": ">=18.0.0"
      }
    },
    "node_modules/@smithy/abort-controller": {
      "version": "4.0.5",
      "resolved": "https://registry.npmjs.org/@smithy/abort-controller/-/abort-controller-4.0.5.tgz",
      "integrity": "sha512-jcrqdTQurIrBbUm4W2YdLVMQDoL0sA9DTxYd2s+R/y+2U9NLOP7Xf/YqfSg1FZhlZIYEnvk2mwbyvIfdLEPo8g==",
      "dependencies": {
        "@smithy/types": "^4.3.2",
        "tslib": "^2.6.2"
      },
      "engines": {
        "node": ">=18.0.0"
      }
    },
    "node_modules/@smithy/config-resolver": {
      "version": "4.1.5",
      "resolved": "https://registry.npmjs.org/@smithy/config-resolver/-/config-resolver-4.1.5.tgz",
      "integrity": "sha512-viuHMxBAqydkB0AfWwHIdwf/PRH2z5KHGUzqyRtS/Wv+n3IHI993Sk76VCA7dD/+GzgGOmlJDITfPcJC1nIVIw==",
      "dependencies": {
        "@smithy/node-config-provider": "^4.1.4",
        "@smithy/types": "^4.3.2",
        "@smithy/util-config-provider": "^4.0.0",
        "@smithy/util-middleware": "^4.0.5",
        "tslib": "^2.6.2"
      },
      "engines": {
        "node": ">=18.0.0"
      }
    },
    "node_modules/@smithy/core": {
      "version": "3.8.0",
      "resolved": "https://registry.npmjs.org/@smithy/core/-/core-3.8.0.tgz",
      "integrity": "sha512-EYqsIYJmkR1VhVE9pccnk353xhs+lB6btdutJEtsp7R055haMJp2yE16eSxw8fv+G0WUY6vqxyYOP8kOqawxYQ==",
      "dependencies": {
        "@smithy/middleware-serde": "^4.0.9",
        "@smithy/protocol-http": "^5.1.3",
        "@smithy/types": "^4.3.2",
        "@smithy/util-base64": "^4.0.0",
        "@smithy/util-body-length-browser": "^4.0.0",
        "@smithy/util-middleware": "^4.0.5",
        "@smithy/util-stream": "^4.2.4",
        "@smithy/util-utf8": "^4.0.0",
        "@types/uuid": "^9.0.1",
        "tslib": "^2.6.2",
        "uuid": "^9.0.1"
      },
      "engines": {
        "node": ">=18.0.0"
      }
    },
    "node_modules/@smithy/credential-provider-imds": {
      "version": "4.0.7",
      "resolved": "https://registry.npmjs.org/@smithy/credential-provider-imds/-/credential-provider-imds-4.0.7.tgz",
      "integrity": "sha512-dDzrMXA8d8riFNiPvytxn0mNwR4B3h8lgrQ5UjAGu6T9z/kRg/Xncf4tEQHE/+t25sY8IH3CowcmWi+1U5B1Gw==",
      "dependencies": {
        "@smithy/node-config-provider": "^4.1.4",
        "@smithy/property-provider": "^4.0.5",
        "@smithy/types": "^4.3.2",
        "@smithy/url-parser": "^4.0.5",
        "tslib": "^2.6.2"
      },
      "engines": {
        "node": ">=18.0.0"
      }
    },
    "node_modules/@smithy/fetch-http-handler": {
      "version": "5.1.1",
      "resolved": "https://registry.npmjs.org/@smithy/fetch-http-handler/-/fetch-http-handler-5.1.1.tgz",
      "integrity": "sha512-61WjM0PWmZJR+SnmzaKI7t7G0UkkNFboDpzIdzSoy7TByUzlxo18Qlh9s71qug4AY4hlH/CwXdubMtkcNEb/sQ==",
      "dependencies": {
        "@smithy/protocol-http": "^5.1.3",
        "@smithy/querystring-builder": "^4.0.5",
        "@smithy/types": "^4.3.2",
        "@smithy/util-base64": "^4.0.0",
        "tslib": "^2.6.2"
      },
      "engines": {
        "node": ">=18.0.0"
      }
    },
    "node_modules/@smithy/hash-node": {
      "version": "4.0.5",
      "resolved": "https://registry.npmjs.org/@smithy/hash-node/-/hash-node-4.0.5.tgz",
      "integrity": "sha512-cv1HHkKhpyRb6ahD8Vcfb2Hgz67vNIXEp2vnhzfxLFGRukLCNEA5QdsorbUEzXma1Rco0u3rx5VTqbM06GcZqQ==",
      "dependencies": {
        "@smithy/types": "^4.3.2",
        "@smithy/util-buffer-from": "^4.0.0",
        "@smithy/util-utf8": "^4.0.0",
        "tslib": "^2.6.2"
      },
      "engines": {
        "node": ">=18.0.0"
      }
    },
    "node_modules/@smithy/invalid-dependency": {
      "version": "4.0.5",
      "resolved": "https://registry.npmjs.org/@smithy/invalid-dependency/-/invalid-dependency-4.0.5.tgz",
      "integrity": "sha512-IVnb78Qtf7EJpoEVo7qJ8BEXQwgC4n3igeJNNKEj/MLYtapnx8A67Zt/J3RXAj2xSO1910zk0LdFiygSemuLow==",
      "dependencies": {
        "@smithy/types": "^4.3.2",
        "tslib": "^2.6.2"
      },
      "engines": {
        "node": ">=18.0.0"
      }
    },
    "node_modules/@smithy/is-array-buffer": {
      "version": "4.0.0",
      "resolved": "https://registry.npmjs.org/@smithy/is-array-buffer/-/is-array-buffer-4.0.0.tgz",
      "integrity": "sha512-saYhF8ZZNoJDTvJBEWgeBccCg+yvp1CX+ed12yORU3NilJScfc6gfch2oVb4QgxZrGUx3/ZJlb+c/dJbyupxlw==",
      "dependencies": {
        "tslib": "^2.6.2"
      },
      "engines": {
        "node": ">=18.0.0"
      }
    },
    "node_modules/@smithy/middleware-content-length": {
      "version": "4.0.5",
      "resolved": "https://registry.npmjs.org/@smithy/middleware-content-length/-/middleware-content-length-4.0.5.tgz",
      "integrity": "sha512-l1jlNZoYzoCC7p0zCtBDE5OBXZ95yMKlRlftooE5jPWQn4YBPLgsp+oeHp7iMHaTGoUdFqmHOPa8c9G3gBsRpQ==",
      "dependencies": {
        "@smithy/protocol-http": "^5.1.3",
        "@smithy/types": "^4.3.2",
        "tslib": "^2.6.2"
      },
      "engines": {
        "node": ">=18.0.0"
      }
    },
    "node_modules/@smithy/middleware-endpoint": {
      "version": "4.1.18",
      "resolved": "https://registry.npmjs.org/@smithy/middleware-endpoint/-/middleware-endpoint-4.1.18.tgz",
      "integrity": "sha512-ZhvqcVRPZxnZlokcPaTwb+r+h4yOIOCJmx0v2d1bpVlmP465g3qpVSf7wxcq5zZdu4jb0H4yIMxuPwDJSQc3MQ==",
      "dependencies": {
        "@smithy/core": "^3.8.0",
        "@smithy/middleware-serde": "^4.0.9",
        "@smithy/node-config-provider": "^4.1.4",
        "@smithy/shared-ini-file-loader": "^4.0.5",
        "@smithy/types": "^4.3.2",
        "@smithy/url-parser": "^4.0.5",
        "@smithy/util-middleware": "^4.0.5",
        "tslib": "^2.6.2"
      },
      "engines": {
        "node": ">=18.0.0"
      }
    },
    "node_modules/@smithy/middleware-retry": {
      "version": "4.1.19",
      "resolved": "https://registry.npmjs.org/@smithy/middleware-retry/-/middleware-retry-4.1.19.tgz",
      "integrity": "sha512-X58zx/NVECjeuUB6A8HBu4bhx72EoUz+T5jTMIyeNKx2lf+Gs9TmWPNNkH+5QF0COjpInP/xSpJGJ7xEnAklQQ==",
      "dependencies": {
        "@smithy/node-config-provider": "^4.1.4",
        "@smithy/protocol-http": "^5.1.3",
        "@smithy/service-error-classification": "^4.0.7",
        "@smithy/smithy-client": "^4.4.10",
        "@smithy/types": "^4.3.2",
        "@smithy/util-middleware": "^4.0.5",
        "@smithy/util-retry": "^4.0.7",
        "@types/uuid": "^9.0.1",
        "tslib": "^2.6.2",
        "uuid": "^9.0.1"
      },
      "engines": {
        "node": ">=18.0.0"
      }
    },
    "node_modules/@smithy/middleware-serde": {
      "version": "4.0.9",
      "resolved": "https://registry.npmjs.org/@smithy/middleware-serde/-/middleware-serde-4.0.9.tgz",
      "integrity": "sha512-uAFFR4dpeoJPGz8x9mhxp+RPjo5wW0QEEIPPPbLXiRRWeCATf/Km3gKIVR5vaP8bN1kgsPhcEeh+IZvUlBv6Xg==",
      "dependencies": {
        "@smithy/protocol-http": "^5.1.3",
        "@smithy/types": "^4.3.2",
        "tslib": "^2.6.2"
      },
      "engines": {
        "node": ">=18.0.0"
      }
    },
    "node_modules/@smithy/middleware-stack": {
      "version": "4.0.5",
      "resolved": "https://registry.npmjs.org/@smithy/middleware-stack/-/middleware-stack-4.0.5.tgz",
      "integrity": "sha512-/yoHDXZPh3ocRVyeWQFvC44u8seu3eYzZRveCMfgMOBcNKnAmOvjbL9+Cp5XKSIi9iYA9PECUuW2teDAk8T+OQ==",
      "dependencies": {
        "@smithy/types": "^4.3.2",
        "tslib": "^2.6.2"
      },
      "engines": {
        "node": ">=18.0.0"
      }
    },
    "node_modules/@smithy/node-config-provider": {
      "version": "4.1.4",
      "resolved": "https://registry.npmjs.org/@smithy/node-config-provider/-/node-config-provider-4.1.4.tgz",
      "integrity": "sha512-+UDQV/k42jLEPPHSn39l0Bmc4sB1xtdI9Gd47fzo/0PbXzJ7ylgaOByVjF5EeQIumkepnrJyfx86dPa9p47Y+w==",
      "dependencies": {
        "@smithy/property-provider": "^4.0.5",
        "@smithy/shared-ini-file-loader": "^4.0.5",
        "@smithy/types": "^4.3.2",
        "tslib": "^2.6.2"
      },
      "engines": {
        "node": ">=18.0.0"
      }
    },
    "node_modules/@smithy/node-http-handler": {
      "version": "4.1.1",
      "resolved": "https://registry.npmjs.org/@smithy/node-http-handler/-/node-http-handler-4.1.1.tgz",
      "integrity": "sha512-RHnlHqFpoVdjSPPiYy/t40Zovf3BBHc2oemgD7VsVTFFZrU5erFFe0n52OANZZ/5sbshgD93sOh5r6I35Xmpaw==",
      "dependencies": {
        "@smithy/abort-controller": "^4.0.5",
        "@smithy/protocol-http": "^5.1.3",
        "@smithy/querystring-builder": "^4.0.5",
        "@smithy/types": "^4.3.2",
        "tslib": "^2.6.2"
      },
      "engines": {
        "node": ">=18.0.0"
      }
    },
    "node_modules/@smithy/property-provider": {
      "version": "4.0.5",
      "resolved": "https://registry.npmjs.org/@smithy/property-provider/-/property-provider-4.0.5.tgz",
      "integrity": "sha512-R/bswf59T/n9ZgfgUICAZoWYKBHcsVDurAGX88zsiUtOTA/xUAPyiT+qkNCPwFn43pZqN84M4MiUsbSGQmgFIQ==",
      "dependencies": {
        "@smithy/types": "^4.3.2",
        "tslib": "^2.6.2"
      },
      "engines": {
        "node": ">=18.0.0"
      }
    },
    "node_modules/@smithy/protocol-http": {
      "version": "5.1.3",
      "resolved": "https://registry.npmjs.org/@smithy/protocol-http/-/protocol-http-5.1.3.tgz",
      "integrity": "sha512-fCJd2ZR7D22XhDY0l+92pUag/7je2BztPRQ01gU5bMChcyI0rlly7QFibnYHzcxDvccMjlpM/Q1ev8ceRIb48w==",
      "dependencies": {
        "@smithy/types": "^4.3.2",
        "tslib": "^2.6.2"
      },
      "engines": {
        "node": ">=18.0.0"
      }
    },
    "node_modules/@smithy/querystring-builder": {
      "version": "4.0.5",
      "resolved": "https://registry.npmjs.org/@smithy/querystring-builder/-/querystring-builder-4.0.5.tgz",
      "integrity": "sha512-NJeSCU57piZ56c+/wY+AbAw6rxCCAOZLCIniRE7wqvndqxcKKDOXzwWjrY7wGKEISfhL9gBbAaWWgHsUGedk+A==",
      "dependencies": {
        "@smithy/types": "^4.3.2",
        "@smithy/util-uri-escape": "^4.0.0",
        "tslib": "^2.6.2"
      },
      "engines": {
        "node": ">=18.0.0"
      }
    },
    "node_modules/@smithy/querystring-parser": {
      "version": "4.0.5",
      "resolved": "https://registry.npmjs.org/@smithy/querystring-parser/-/querystring-parser-4.0.5.tgz",
      "integrity": "sha512-6SV7md2CzNG/WUeTjVe6Dj8noH32r4MnUeFKZrnVYsQxpGSIcphAanQMayi8jJLZAWm6pdM9ZXvKCpWOsIGg0w==",
      "dependencies": {
        "@smithy/types": "^4.3.2",
        "tslib": "^2.6.2"
      },
      "engines": {
        "node": ">=18.0.0"
      }
    },
    "node_modules/@smithy/service-error-classification": {
      "version": "4.0.7",
      "resolved": "https://registry.npmjs.org/@smithy/service-error-classification/-/service-error-classification-4.0.7.tgz",
      "integrity": "sha512-XvRHOipqpwNhEjDf2L5gJowZEm5nsxC16pAZOeEcsygdjv9A2jdOh3YoDQvOXBGTsaJk6mNWtzWalOB9976Wlg==",
      "dependencies": {
        "@smithy/types": "^4.3.2"
      },
      "engines": {
        "node": ">=18.0.0"
      }
    },
    "node_modules/@smithy/shared-ini-file-loader": {
      "version": "4.0.5",
      "resolved": "https://registry.npmjs.org/@smithy/shared-ini-file-loader/-/shared-ini-file-loader-4.0.5.tgz",
      "integrity": "sha512-YVVwehRDuehgoXdEL4r1tAAzdaDgaC9EQvhK0lEbfnbrd0bd5+CTQumbdPryX3J2shT7ZqQE+jPW4lmNBAB8JQ==",
      "dependencies": {
        "@smithy/types": "^4.3.2",
        "tslib": "^2.6.2"
      },
      "engines": {
        "node": ">=18.0.0"
      }
    },
    "node_modules/@smithy/signature-v4": {
      "version": "5.1.3",
      "resolved": "https://registry.npmjs.org/@smithy/signature-v4/-/signature-v4-5.1.3.tgz",
      "integrity": "sha512-mARDSXSEgllNzMw6N+mC+r1AQlEBO3meEAkR/UlfAgnMzJUB3goRBWgip1EAMG99wh36MDqzo86SfIX5Y+VEaw==",
      "dependencies": {
        "@smithy/is-array-buffer": "^4.0.0",
        "@smithy/protocol-http": "^5.1.3",
        "@smithy/types": "^4.3.2",
        "@smithy/util-hex-encoding": "^4.0.0",
        "@smithy/util-middleware": "^4.0.5",
        "@smithy/util-uri-escape": "^4.0.0",
        "@smithy/util-utf8": "^4.0.0",
        "tslib": "^2.6.2"
      },
      "engines": {
        "node": ">=18.0.0"
      }
    },
    "node_modules/@smithy/smithy-client": {
      "version": "4.4.10",
      "resolved": "https://registry.npmjs.org/@smithy/smithy-client/-/smithy-client-4.4.10.tgz",
      "integrity": "sha512-iW6HjXqN0oPtRS0NK/zzZ4zZeGESIFcxj2FkWed3mcK8jdSdHzvnCKXSjvewESKAgGKAbJRA+OsaqKhkdYRbQQ==",
      "dependencies": {
        "@smithy/core": "^3.8.0",
        "@smithy/middleware-endpoint": "^4.1.18",
        "@smithy/middleware-stack": "^4.0.5",
        "@smithy/protocol-http": "^5.1.3",
        "@smithy/types": "^4.3.2",
        "@smithy/util-stream": "^4.2.4",
        "tslib": "^2.6.2"
      },
      "engines": {
        "node": ">=18.0.0"
      }
    },
    "node_modules/@smithy/types": {
      "version": "4.3.2",
      "resolved": "https://registry.npmjs.org/@smithy/types/-/types-4.3.2.tgz",
      "integrity": "sha512-QO4zghLxiQ5W9UZmX2Lo0nta2PuE1sSrXUYDoaB6HMR762C0P7v/HEPHf6ZdglTVssJG1bsrSBxdc3quvDSihw==",
      "dependencies": {
        "tslib": "^2.6.2"
      },
      "engines": {
        "node": ">=18.0.0"
      }
    },
    "node_modules/@smithy/url-parser": {
      "version": "4.0.5",
      "resolved": "https://registry.npmjs.org/@smithy/url-parser/-/url-parser-4.0.5.tgz",
      "integrity": "sha512-j+733Um7f1/DXjYhCbvNXABV53NyCRRA54C7bNEIxNPs0YjfRxeMKjjgm2jvTYrciZyCjsicHwQ6Q0ylo+NAUw==",
      "dependencies": {
        "@smithy/querystring-parser": "^4.0.5",
        "@smithy/types": "^4.3.2",
        "tslib": "^2.6.2"
      },
      "engines": {
        "node": ">=18.0.0"
      }
    },
    "node_modules/@smithy/util-base64": {
      "version": "4.0.0",
      "resolved": "https://registry.npmjs.org/@smithy/util-base64/-/util-base64-4.0.0.tgz",
      "integrity": "sha512-CvHfCmO2mchox9kjrtzoHkWHxjHZzaFojLc8quxXY7WAAMAg43nuxwv95tATVgQFNDwd4M9S1qFzj40Ul41Kmg==",
      "dependencies": {
        "@smithy/util-buffer-from": "^4.0.0",
        "@smithy/util-utf8": "^4.0.0",
        "tslib": "^2.6.2"
      },
      "engines": {
        "node": ">=18.0.0"
      }
    },
    "node_modules/@smithy/util-body-length-browser": {
      "version": "4.0.0",
      "resolved": "https://registry.npmjs.org/@smithy/util-body-length-browser/-/util-body-length-browser-4.0.0.tgz",
      "integrity": "sha512-sNi3DL0/k64/LO3A256M+m3CDdG6V7WKWHdAiBBMUN8S3hK3aMPhwnPik2A/a2ONN+9doY9UxaLfgqsIRg69QA==",
      "dependencies": {
        "tslib": "^2.6.2"
      },
      "engines": {
        "node": ">=18.0.0"
      }
    },
    "node_modules/@smithy/util-body-length-node": {
      "version": "4.0.0",
      "resolved": "https://registry.npmjs.org/@smithy/util-body-length-node/-/util-body-length-node-4.0.0.tgz",
      "integrity": "sha512-q0iDP3VsZzqJyje8xJWEJCNIu3lktUGVoSy1KB0UWym2CL1siV3artm+u1DFYTLejpsrdGyCSWBdGNjJzfDPjg==",
      "dependencies": {
        "tslib": "^2.6.2"
      },
      "engines": {
        "node": ">=18.0.0"
      }
    },
    "node_modules/@smithy/util-buffer-from": {
      "version": "4.0.0",
      "resolved": "https://registry.npmjs.org/@smithy/util-buffer-from/-/util-buffer-from-4.0.0.tgz",
      "integrity": "sha512-9TOQ7781sZvddgO8nxueKi3+yGvkY35kotA0Y6BWRajAv8jjmigQ1sBwz0UX47pQMYXJPahSKEKYFgt+rXdcug==",
      "dependencies": {
        "@smithy/is-array-buffer": "^4.0.0",
        "tslib": "^2.6.2"
      },
      "engines": {
        "node": ">=18.0.0"
      }
    },
    "node_modules/@smithy/util-config-provider": {
      "version": "4.0.0",
      "resolved": "https://registry.npmjs.org/@smithy/util-config-provider/-/util-config-provider-4.0.0.tgz",
      "integrity": "sha512-L1RBVzLyfE8OXH+1hsJ8p+acNUSirQnWQ6/EgpchV88G6zGBTDPdXiiExei6Z1wR2RxYvxY/XLw6AMNCCt8H3w==",
      "dependencies": {
        "tslib": "^2.6.2"
      },
      "engines": {
        "node": ">=18.0.0"
      }
    },
    "node_modules/@smithy/util-defaults-mode-browser": {
      "version": "4.0.26",
      "resolved": "https://registry.npmjs.org/@smithy/util-defaults-mode-browser/-/util-defaults-mode-browser-4.0.26.tgz",
      "integrity": "sha512-xgl75aHIS/3rrGp7iTxQAOELYeyiwBu+eEgAk4xfKwJJ0L8VUjhO2shsDpeil54BOFsqmk5xfdesiewbUY5tKQ==",
      "dependencies": {
        "@smithy/property-provider": "^4.0.5",
        "@smithy/smithy-client": "^4.4.10",
        "@smithy/types": "^4.3.2",
        "bowser": "^2.11.0",
        "tslib": "^2.6.2"
      },
      "engines": {
        "node": ">=18.0.0"
      }
    },
    "node_modules/@smithy/util-defaults-mode-node": {
      "version": "4.0.26",
      "resolved": "https://registry.npmjs.org/@smithy/util-defaults-mode-node/-/util-defaults-mode-node-4.0.26.tgz",
      "integrity": "sha512-z81yyIkGiLLYVDetKTUeCZQ8x20EEzvQjrqJtb/mXnevLq2+w3XCEWTJ2pMp401b6BkEkHVfXb/cROBpVauLMQ==",
      "dependencies": {
        "@smithy/config-resolver": "^4.1.5",
        "@smithy/credential-provider-imds": "^4.0.7",
        "@smithy/node-config-provider": "^4.1.4",
        "@smithy/property-provider": "^4.0.5",
        "@smithy/smithy-client": "^4.4.10",
        "@smithy/types": "^4.3.2",
        "tslib": "^2.6.2"
      },
      "engines": {
        "node": ">=18.0.0"
      }
    },
    "node_modules/@smithy/util-endpoints": {
      "version": "3.0.7",
      "resolved": "https://registry.npmjs.org/@smithy/util-endpoints/-/util-endpoints-3.0.7.tgz",
      "integrity": "sha512-klGBP+RpBp6V5JbrY2C/VKnHXn3d5V2YrifZbmMY8os7M6m8wdYFoO6w/fe5VkP+YVwrEktW3IWYaSQVNZJ8oQ==",
      "dependencies": {
        "@smithy/node-config-provider": "^4.1.4",
        "@smithy/types": "^4.3.2",
        "tslib": "^2.6.2"
      },
      "engines": {
        "node": ">=18.0.0"
      }
    },
    "node_modules/@smithy/util-hex-encoding": {
      "version": "4.0.0",
      "resolved": "https://registry.npmjs.org/@smithy/util-hex-encoding/-/util-hex-encoding-4.0.0.tgz",
      "integrity": "sha512-Yk5mLhHtfIgW2W2WQZWSg5kuMZCVbvhFmC7rV4IO2QqnZdbEFPmQnCcGMAX2z/8Qj3B9hYYNjZOhWym+RwhePw==",
      "dependencies": {
        "tslib": "^2.6.2"
      },
      "engines": {
        "node": ">=18.0.0"
      }
    },
    "node_modules/@smithy/util-middleware": {
      "version": "4.0.5",
      "resolved": "https://registry.npmjs.org/@smithy/util-middleware/-/util-middleware-4.0.5.tgz",
      "integrity": "sha512-N40PfqsZHRSsByGB81HhSo+uvMxEHT+9e255S53pfBw/wI6WKDI7Jw9oyu5tJTLwZzV5DsMha3ji8jk9dsHmQQ==",
      "dependencies": {
        "@smithy/types": "^4.3.2",
        "tslib": "^2.6.2"
      },
      "engines": {
        "node": ">=18.0.0"
      }
    },
    "node_modules/@smithy/util-retry": {
      "version": "4.0.7",
      "resolved": "https://registry.npmjs.org/@smithy/util-retry/-/util-retry-4.0.7.tgz",
      "integrity": "sha512-TTO6rt0ppK70alZpkjwy+3nQlTiqNfoXja+qwuAchIEAIoSZW8Qyd76dvBv3I5bCpE38APafG23Y/u270NspiQ==",
      "dependencies": {
        "@smithy/service-error-classification": "^4.0.7",
        "@smithy/types": "^4.3.2",
        "tslib": "^2.6.2"
      },
      "engines": {
        "node": ">=18.0.0"
      }
    },
    "node_modules/@smithy/util-stream": {
      "version": "4.2.4",
      "resolved": "https://registry.npmjs.org/@smithy/util-stream/-/util-stream-4.2.4.tgz",
      "integrity": "sha512-vSKnvNZX2BXzl0U2RgCLOwWaAP9x/ddd/XobPK02pCbzRm5s55M53uwb1rl/Ts7RXZvdJZerPkA+en2FDghLuQ==",
      "dependencies": {
        "@smithy/fetch-http-handler": "^5.1.1",
        "@smithy/node-http-handler": "^4.1.1",
        "@smithy/types": "^4.3.2",
        "@smithy/util-base64": "^4.0.0",
        "@smithy/util-buffer-from": "^4.0.0",
        "@smithy/util-hex-encoding": "^4.0.0",
        "@smithy/util-utf8": "^4.0.0",
        "tslib": "^2.6.2"
      },
      "engines": {
        "node": ">=18.0.0"
      }
    },
    "node_modules/@smithy/util-uri-escape": {
      "version": "4.0.0",
      "resolved": "https://registry.npmjs.org/@smithy/util-uri-escape/-/util-uri-escape-4.0.0.tgz",
      "integrity": "sha512-77yfbCbQMtgtTylO9itEAdpPXSog3ZxMe09AEhm0dU0NLTalV70ghDZFR+Nfi1C60jnJoh/Re4090/DuZh2Omg==",
      "dependencies": {
        "tslib": "^2.6.2"
      },
      "engines": {
        "node": ">=18.0.0"
      }
    },
    "node_modules/@smithy/util-utf8": {
      "version": "4.0.0",
      "resolved": "https://registry.npmjs.org/@smithy/util-utf8/-/util-utf8-4.0.0.tgz",
      "integrity": "sha512-b+zebfKCfRdgNJDknHCob3O7FpeYQN6ZG6YLExMcasDHsCXlsXCEuiPZeLnJLpwa5dvPetGlnGCiMHuLwGvFow==",
      "dependencies": {
        "@smithy/util-buffer-from": "^4.0.0",
        "tslib": "^2.6.2"
      },
      "engines": {
        "node": ">=18.0.0"
      }
    },
    "node_modules/@smithy/util-waiter": {
      "version": "4.0.7",
      "resolved": "https://registry.npmjs.org/@smithy/util-waiter/-/util-waiter-4.0.7.tgz",
      "integrity": "sha512-mYqtQXPmrwvUljaHyGxYUIIRI3qjBTEb/f5QFi3A6VlxhpmZd5mWXn9W+qUkf2pVE1Hv3SqxefiZOPGdxmO64A==",
      "dependencies": {
        "@smithy/abort-controller": "^4.0.5",
        "@smithy/types": "^4.3.2",
        "tslib": "^2.6.2"
      },
      "engines": {
        "node": ">=18.0.0"
      }
    },
    "node_modules/@types/uuid": {
      "version": "9.0.8",
      "resolved": "https://registry.npmjs.org/@types/uuid/-/uuid-9.0.8.tgz",
      "integrity": "sha512-jg+97EGIcY9AGHJJRaaPVgetKDsrTgbRjQ5Msgjh/DQKEFl0DtyRr/VCOyD1T2R1MNeWPK/u7JoGhlDZnKBAfA=="
    },
    "node_modules/bowser": {
      "version": "2.12.0",
      "resolved": "https://registry.npmjs.org/bowser/-/bowser-2.12.0.tgz",
      "integrity": "sha512-HcOcTudTeEWgbHh0Y1Tyb6fdeR71m4b/QACf0D4KswGTsNeIJQmg38mRENZPAYPZvGFN3fk3604XbQEPdxXdKg=="
    },
    "node_modules/fast-xml-parser": {
      "version": "5.2.5",
      "resolved": "https://registry.npmjs.org/fast-xml-parser/-/fast-xml-parser-5.2.5.tgz",
      "integrity": "sha512-pfX9uG9Ki0yekDHx2SiuRIyFdyAr1kMIMitPvb0YBo8SUfKvia7w7FIyd/l6av85pFYRhZscS75MwMnbvY+hcQ==",
      "funding": [
        {
          "type": "github",
          "url": "https://github.com/sponsors/NaturalIntelligence"
        }
      ],
      "dependencies": {
        "strnum": "^2.1.0"
      },
      "bin": {
        "fxparser": "src/cli/cli.js"
      }
    },
    "node_modules/strnum": {
      "version": "2.1.1",
      "resolved": "https://registry.npmjs.org/strnum/-/strnum-2.1.1.tgz",
      "integrity": "sha512-7ZvoFTiCnGxBtDqJ//Cu6fWtZtc7Y3x+QOirG15wztbdngGSkht27o2pyGWrVy0b4WAy3jbKmnoK6g5VlVNUUw==",
      "funding": [
        {
          "type": "github",
          "url": "https://github.com/sponsors/NaturalIntelligence"
        }
      ]
    },
    "node_modules/tslib": {
      "version": "2.8.1",
      "resolved": "https://registry.npmjs.org/tslib/-/tslib-2.8.1.tgz",
      "integrity": "sha512-oJFu94HQb+KVduSUQL7wnpmqnfmLsOA/nAh6b6EH0wCEoK0/mPeXU6c3wKDV83MkOuHPRHtSXKKU99IBazS/2w=="
    },
    "node_modules/uuid": {
      "version": "9.0.1",
      "resolved": "https://registry.npmjs.org/uuid/-/uuid-9.0.1.tgz",
      "integrity": "sha512-b+1eJOlsR9K8HJpow9Ok3fiWOWSIcIzXodvv0rQjVoOVNpWMpxf1wZNpt4y9h10odCNrqnYp1OBzRktckBe3sA==",
      "funding": [
        "https://github.com/sponsors/broofa",
        "https://github.com/sponsors/ctavan"
      ],
      "bin": {
        "uuid": "dist/bin/uuid"
      }
    }
  }
}
