{
  "name": "@activepieces/piece-oracle-database",
  "version": "0.0.1",
  "lockfileVersion": 3,
  "requires": true,
  "packages": {
    "": {
      "name": "@activepieces/piece-oracle-database",
      "version": "0.0.1",
      "dependencies": {
        "oracledb": "^6.10.0",
        "tslib": "^2.3.0"
      }
    },
    "node_modules/oracledb": {
      "version": "6.10.0",
      "resolved": "https://registry.npmjs.org/oracledb/-/oracledb-6.10.0.tgz",
      "integrity": "sha512-kGUumXmrEWbSpBuKJyb9Ip3rXcNgKK6grunI3/cLPzrRvboZ6ZoLi9JQ+z6M/RIG924tY8BLflihL4CKKQAYMA==",
      "hasInstallScript": true,
      "engines": {
        "node": ">=14.17"
      }
    },
    "node_modules/tslib": {
      "version": "2.8.1",
      "resolved": "https://registry.npmjs.org/tslib/-/tslib-2.8.1.tgz",
      "integrity": "sha512-oJFu94HQb+KVduSUQL7wnpmqnfmLsOA/nAh6b6EH0wCEoK0/mPeXU6c3wKDV83MkOuHPRHtSXKKU99IBazS/2w=="
    }
  }
}
