{
  "name": "@activepieces/piece-evernote",
  "version": "0.0.1",
  "lockfileVersion": 3,
  "requires": true,
  "packages": {
    "": {
      "name": "@activepieces/piece-evernote",
      "version": "0.0.1",
      "dependencies": {
        "@types/evernote": "^2.0.4",
        "evernote": "^2.0.5",
        "tslib": "^2.3.0"
      }
    },
    "node_modules/@types/evernote": {
      "version": "2.0.5",
      "resolved": "https://registry.npmjs.org/@types/evernote/-/evernote-2.0.5.tgz",
      "integrity": "sha512-0aKAnxQ5SUepl9h6BKDEot64vLGOxBjkhSGVdGhYOv/PynAem6nYqQnGCI4xAiTPz6TB6zwoNUD+UeXYB4tR5Q==",
      "license": "MIT",
      "dependencies": {
        "@types/oauth": "*"
      }
    },
    "node_modules/@types/node": {
      "version": "24.3.0",
      "resolved": "https://registry.npmjs.org/@types/node/-/node-24.3.0.tgz",
      "integrity": "sha512-aPTXCrfwnDLj4VvXrm+UUCQjNEvJgNA8s5F1cvwQU+3KNltTOkBm1j30uNLyqqPNe7gE3KFzImYoZEfLhp4Yow==",
      "license": "MIT",
      "dependencies": {
        "undici-types": "~7.10.0"
      }
    },
    "node_modules/@types/oauth": {
      "version": "0.9.6",
      "resolved": "https://registry.npmjs.org/@types/oauth/-/oauth-0.9.6.tgz",
      "integrity": "sha512-H9TRCVKBNOhZZmyHLqFt9drPM9l+ShWiqqJijU1B8P3DX3ub84NjxDuy+Hjrz+fEca5Kwip3qPMKNyiLgNJtIA==",
      "license": "MIT",
      "dependencies": {
        "@types/node": "*"
      }
    },
    "node_modules/evernote": {
      "version": "2.0.5",
      "resolved": "https://registry.npmjs.org/evernote/-/evernote-2.0.5.tgz",
      "integrity": "sha512-DuOk3t9HKwkxZBaZU1Mz8vmZSEM2LVI3eLdML90Is3+8WlPwpYcLeo4z+eklT8NUGD3GA6oOnlP+6e0z0rDX1Q==",
      "dependencies": {
        "oauth": "^0.9.14"
      }
    },
    "node_modules/oauth": {
      "version": "0.9.15",
      "resolved": "https://registry.npmjs.org/oauth/-/oauth-0.9.15.tgz",
      "integrity": "sha512-a5ERWK1kh38ExDEfoO6qUHJb32rd7aYmPHuyCu3Fta/cnICvYmgd2uhuKXvPD+PXB+gCEYYEaQdIRAjCOwAKNA==",
      "license": "MIT"
    },
    "node_modules/tslib": {
      "version": "2.8.1",
      "resolved": "https://registry.npmjs.org/tslib/-/tslib-2.8.1.tgz",
      "integrity": "sha512-oJFu94HQb+KVduSUQL7wnpmqnfmLsOA/nAh6b6EH0wCEoK0/mPeXU6c3wKDV83MkOuHPRHtSXKKU99IBazS/2w==",
      "license": "0BSD"
    },
    "node_modules/undici-types": {
      "version": "7.10.0",
      "resolved": "https://registry.npmjs.org/undici-types/-/undici-types-7.10.0.tgz",
      "integrity": "sha512-t5Fy/nfn+14LuOc2KNYg75vZqClpAiqscVvMygNnlsHBFpSXdJaYtXMcdNLpl/Qvc3P2cB3s6lOV51nqsFq4ag==",
      "license": "MIT"
    }
  }
}
