{
	"name": "@activepieces/piece-gmail",
	"version": "0.8.1",
	"lockfileVersion": 3,
	"requires": true,
	"packages": {
		"": {
			"name": "@activepieces/piece-gmail",
			"version": "0.8.1",
			"dependencies": {
				"@types/mailparser": "^3.4.5",
				"mailparser": "^3.7.2",
				"tslib": "^2.8.1"
			}
		},
		"node_modules/@selderee/plugin-htmlparser2": {
			"version": "0.11.0",
			"resolved": "https://registry.npmjs.org/@selderee/plugin-htmlparser2/-/plugin-htmlparser2-0.11.0.tgz",
			"integrity": "sha512-P33hHGdldxGabLFjPPpaTxVolMrzrcegejx+0GxjrIb9Zv48D8yAIA/QTDR2dFl7Uz7urX8aX6+5bCZslr+gWQ==",
			"license": "MIT",
			"dependencies": {
				"domhandler": "^5.0.3",
				"selderee": "^0.11.0"
			},
			"funding": {
				"url": "https://ko-fi.com/killymxi"
			}
		},
		"node_modules/@types/mailparser": {
			"version": "3.4.5",
			"resolved": "https://registry.npmjs.org/@types/mailparser/-/mailparser-3.4.5.tgz",
			"integrity": "sha512-EPERBp7fLeFZh7tS2X36MF7jawUx3Y6/0rXciZah3CTYgwLi3e0kpGUJ6FOmUabgzis/U1g+3/JzrVWbWIOGjg==",
			"license": "MIT",
			"dependencies": {
				"@types/node": "*",
				"iconv-lite": "^0.6.3"
			}
		},
		"node_modules/@types/node": {
			"version": "22.14.1",
			"resolved": "https://registry.npmjs.org/@types/node/-/node-22.14.1.tgz",
			"integrity": "sha512-u0HuPQwe/dHrItgHHpmw3N2fYCR6x4ivMNbPHRkBVP4CvN+kiRrKHWk3i8tXiO/joPwXLMYvF9TTF0eqgHIuOw==",
			"license": "MIT",
			"dependencies": {
				"undici-types": "~6.21.0"
			}
		},
		"node_modules/deepmerge": {
			"version": "4.3.1",
			"resolved": "https://registry.npmjs.org/deepmerge/-/deepmerge-4.3.1.tgz",
			"integrity": "sha512-3sUqbMEc77XqpdNO7FRyRog+eW3ph+GYCbj+rK+uYyRMuwsVy0rMiVtPn+QJlKFvWP/1PYpapqYn0Me2knFn+A==",
			"license": "MIT",
			"engines": {
				"node": ">=0.10.0"
			}
		},
		"node_modules/dom-serializer": {
			"version": "2.0.0",
			"resolved": "https://registry.npmjs.org/dom-serializer/-/dom-serializer-2.0.0.tgz",
			"integrity": "sha512-wIkAryiqt/nV5EQKqQpo3SToSOV9J0DnbJqwK7Wv/Trc92zIAYZ4FlMu+JPFW1DfGFt81ZTCGgDEabffXeLyJg==",
			"license": "MIT",
			"dependencies": {
				"domelementtype": "^2.3.0",
				"domhandler": "^5.0.2",
				"entities": "^4.2.0"
			},
			"funding": {
				"url": "https://github.com/cheeriojs/dom-serializer?sponsor=1"
			}
		},
		"node_modules/domelementtype": {
			"version": "2.3.0",
			"resolved": "https://registry.npmjs.org/domelementtype/-/domelementtype-2.3.0.tgz",
			"integrity": "sha512-OLETBj6w0OsagBwdXnPdN0cnMfF9opN69co+7ZrbfPGrdpPVNBUj02spi6B1N7wChLQiPn4CSH/zJvXw56gmHw==",
			"funding": [
				{
					"type": "github",
					"url": "https://github.com/sponsors/fb55"
				}
			],
			"license": "BSD-2-Clause"
		},
		"node_modules/domhandler": {
			"version": "5.0.3",
			"resolved": "https://registry.npmjs.org/domhandler/-/domhandler-5.0.3.tgz",
			"integrity": "sha512-cgwlv/1iFQiFnU96XXgROh8xTeetsnJiDsTc7TYCLFd9+/WNkIqPTxiM/8pSd8VIrhXGTf1Ny1q1hquVqDJB5w==",
			"license": "BSD-2-Clause",
			"dependencies": {
				"domelementtype": "^2.3.0"
			},
			"engines": {
				"node": ">= 4"
			},
			"funding": {
				"url": "https://github.com/fb55/domhandler?sponsor=1"
			}
		},
		"node_modules/domutils": {
			"version": "3.2.2",
			"resolved": "https://registry.npmjs.org/domutils/-/domutils-3.2.2.tgz",
			"integrity": "sha512-6kZKyUajlDuqlHKVX1w7gyslj9MPIXzIFiz/rGu35uC1wMi+kMhQwGhl4lt9unC9Vb9INnY9Z3/ZA3+FhASLaw==",
			"license": "BSD-2-Clause",
			"dependencies": {
				"dom-serializer": "^2.0.0",
				"domelementtype": "^2.3.0",
				"domhandler": "^5.0.3"
			},
			"funding": {
				"url": "https://github.com/fb55/domutils?sponsor=1"
			}
		},
		"node_modules/encoding-japanese": {
			"version": "2.2.0",
			"resolved": "https://registry.npmjs.org/encoding-japanese/-/encoding-japanese-2.2.0.tgz",
			"integrity": "sha512-EuJWwlHPZ1LbADuKTClvHtwbaFn4rOD+dRAbWysqEOXRc2Uui0hJInNJrsdH0c+OhJA4nrCBdSkW4DD5YxAo6A==",
			"license": "MIT",
			"engines": {
				"node": ">=8.10.0"
			}
		},
		"node_modules/entities": {
			"version": "4.5.0",
			"resolved": "https://registry.npmjs.org/entities/-/entities-4.5.0.tgz",
			"integrity": "sha512-V0hjH4dGPh9Ao5p0MoRY6BVqtwCjhz6vI5LT8AJ55H+4g9/4vbHx1I54fS0XuclLhDHArPQCiMjDxjaL8fPxhw==",
			"license": "BSD-2-Clause",
			"engines": {
				"node": ">=0.12"
			},
			"funding": {
				"url": "https://github.com/fb55/entities?sponsor=1"
			}
		},
		"node_modules/he": {
			"version": "1.2.0",
			"resolved": "https://registry.npmjs.org/he/-/he-1.2.0.tgz",
			"integrity": "sha512-F/1DnUGPopORZi0ni+CvrCgHQ5FyEAHRLSApuYWMmrbSwoN2Mn/7k+Gl38gJnR7yyDZk6WLXwiGod1JOWNDKGw==",
			"license": "MIT",
			"bin": {
				"he": "bin/he"
			}
		},
		"node_modules/html-to-text": {
			"version": "9.0.5",
			"resolved": "https://registry.npmjs.org/html-to-text/-/html-to-text-9.0.5.tgz",
			"integrity": "sha512-qY60FjREgVZL03vJU6IfMV4GDjGBIoOyvuFdpBDIX9yTlDw0TjxVBQp+P8NvpdIXNJvfWBTNul7fsAQJq2FNpg==",
			"license": "MIT",
			"dependencies": {
				"@selderee/plugin-htmlparser2": "^0.11.0",
				"deepmerge": "^4.3.1",
				"dom-serializer": "^2.0.0",
				"htmlparser2": "^8.0.2",
				"selderee": "^0.11.0"
			},
			"engines": {
				"node": ">=14"
			}
		},
		"node_modules/htmlparser2": {
			"version": "8.0.2",
			"resolved": "https://registry.npmjs.org/htmlparser2/-/htmlparser2-8.0.2.tgz",
			"integrity": "sha512-GYdjWKDkbRLkZ5geuHs5NY1puJ+PXwP7+fHPRz06Eirsb9ugf6d8kkXav6ADhcODhFFPMIXyxkxSuMf3D6NCFA==",
			"funding": [
				"https://github.com/fb55/htmlparser2?sponsor=1",
				{
					"type": "github",
					"url": "https://github.com/sponsors/fb55"
				}
			],
			"license": "MIT",
			"dependencies": {
				"domelementtype": "^2.3.0",
				"domhandler": "^5.0.3",
				"domutils": "^3.0.1",
				"entities": "^4.4.0"
			}
		},
		"node_modules/iconv-lite": {
			"version": "0.6.3",
			"resolved": "https://registry.npmjs.org/iconv-lite/-/iconv-lite-0.6.3.tgz",
			"integrity": "sha512-4fCk79wshMdzMp2rH06qWrJE4iolqLhCUH+OiuIgU++RB0+94NlDL81atO7GX55uUKueo0txHNtvEyI6D7WdMw==",
			"license": "MIT",
			"dependencies": {
				"safer-buffer": ">= 2.1.2 < 3.0.0"
			},
			"engines": {
				"node": ">=0.10.0"
			}
		},
		"node_modules/leac": {
			"version": "0.6.0",
			"resolved": "https://registry.npmjs.org/leac/-/leac-0.6.0.tgz",
			"integrity": "sha512-y+SqErxb8h7nE/fiEX07jsbuhrpO9lL8eca7/Y1nuWV2moNlXhyd59iDGcRf6moVyDMbmTNzL40SUyrFU/yDpg==",
			"license": "MIT",
			"funding": {
				"url": "https://ko-fi.com/killymxi"
			}
		},
		"node_modules/libbase64": {
			"version": "1.3.0",
			"resolved": "https://registry.npmjs.org/libbase64/-/libbase64-1.3.0.tgz",
			"integrity": "sha512-GgOXd0Eo6phYgh0DJtjQ2tO8dc0IVINtZJeARPeiIJqge+HdsWSuaDTe8ztQ7j/cONByDZ3zeB325AHiv5O0dg==",
			"license": "MIT"
		},
		"node_modules/libmime": {
			"version": "5.3.6",
			"resolved": "https://registry.npmjs.org/libmime/-/libmime-5.3.6.tgz",
			"integrity": "sha512-j9mBC7eiqi6fgBPAGvKCXJKJSIASanYF4EeA4iBzSG0HxQxmXnR3KbyWqTn4CwsKSebqCv2f5XZfAO6sKzgvwA==",
			"license": "MIT",
			"dependencies": {
				"encoding-japanese": "2.2.0",
				"iconv-lite": "0.6.3",
				"libbase64": "1.3.0",
				"libqp": "2.1.1"
			}
		},
		"node_modules/libqp": {
			"version": "2.1.1",
			"resolved": "https://registry.npmjs.org/libqp/-/libqp-2.1.1.tgz",
			"integrity": "sha512-0Wd+GPz1O134cP62YU2GTOPNA7Qgl09XwCqM5zpBv87ERCXdfDtyKXvV7c9U22yWJh44QZqBocFnXN11K96qow==",
			"license": "MIT"
		},
		"node_modules/linkify-it": {
			"version": "5.0.0",
			"resolved": "https://registry.npmjs.org/linkify-it/-/linkify-it-5.0.0.tgz",
			"integrity": "sha512-5aHCbzQRADcdP+ATqnDuhhJ/MRIqDkZX5pyjFHRRysS8vZ5AbqGEoFIb6pYHPZ+L/OC2Lc+xT8uHVVR5CAK/wQ==",
			"license": "MIT",
			"dependencies": {
				"uc.micro": "^2.0.0"
			}
		},
		"node_modules/mailparser": {
			"version": "3.7.2",
			"resolved": "https://registry.npmjs.org/mailparser/-/mailparser-3.7.2.tgz",
			"integrity": "sha512-iI0p2TCcIodR1qGiRoDBBwboSSff50vQAWytM5JRggLfABa4hHYCf3YVujtuzV454xrOP352VsAPIzviqMTo4Q==",
			"license": "MIT",
			"dependencies": {
				"encoding-japanese": "2.2.0",
				"he": "1.2.0",
				"html-to-text": "9.0.5",
				"iconv-lite": "0.6.3",
				"libmime": "5.3.6",
				"linkify-it": "5.0.0",
				"mailsplit": "5.4.2",
				"nodemailer": "6.9.16",
				"punycode.js": "2.3.1",
				"tlds": "1.255.0"
			}
		},
		"node_modules/mailsplit": {
			"version": "5.4.2",
			"resolved": "https://registry.npmjs.org/mailsplit/-/mailsplit-5.4.2.tgz",
			"integrity": "sha512-4cczG/3Iu3pyl8JgQ76dKkisurZTmxMrA4dj/e8d2jKYcFTZ7MxOzg1gTioTDMPuFXwTrVuN/gxhkrO7wLg7qA==",
			"license": "(MIT OR EUPL-1.1+)",
			"dependencies": {
				"libbase64": "1.3.0",
				"libmime": "5.3.6",
				"libqp": "2.1.1"
			}
		},
		"node_modules/nodemailer": {
			"version": "6.9.16",
			"resolved": "https://registry.npmjs.org/nodemailer/-/nodemailer-6.9.16.tgz",
			"integrity": "sha512-psAuZdTIRN08HKVd/E8ObdV6NO7NTBY3KsC30F7M4H1OnmLCUNaS56FpYxyb26zWLSyYF9Ozch9KYHhHegsiOQ==",
			"license": "MIT-0",
			"engines": {
				"node": ">=6.0.0"
			}
		},
		"node_modules/parseley": {
			"version": "0.12.1",
			"resolved": "https://registry.npmjs.org/parseley/-/parseley-0.12.1.tgz",
			"integrity": "sha512-e6qHKe3a9HWr0oMRVDTRhKce+bRO8VGQR3NyVwcjwrbhMmFCX9KszEV35+rn4AdilFAq9VPxP/Fe1wC9Qjd2lw==",
			"license": "MIT",
			"dependencies": {
				"leac": "^0.6.0",
				"peberminta": "^0.9.0"
			},
			"funding": {
				"url": "https://ko-fi.com/killymxi"
			}
		},
		"node_modules/peberminta": {
			"version": "0.9.0",
			"resolved": "https://registry.npmjs.org/peberminta/-/peberminta-0.9.0.tgz",
			"integrity": "sha512-XIxfHpEuSJbITd1H3EeQwpcZbTLHc+VVr8ANI9t5sit565tsI4/xK3KWTUFE2e6QiangUkh3B0jihzmGnNrRsQ==",
			"license": "MIT",
			"funding": {
				"url": "https://ko-fi.com/killymxi"
			}
		},
		"node_modules/punycode.js": {
			"version": "2.3.1",
			"resolved": "https://registry.npmjs.org/punycode.js/-/punycode.js-2.3.1.tgz",
			"integrity": "sha512-uxFIHU0YlHYhDQtV4R9J6a52SLx28BCjT+4ieh7IGbgwVJWO+km431c4yRlREUAsAmt/uMjQUyQHNEPf0M39CA==",
			"license": "MIT",
			"engines": {
				"node": ">=6"
			}
		},
		"node_modules/safer-buffer": {
			"version": "2.1.2",
			"resolved": "https://registry.npmjs.org/safer-buffer/-/safer-buffer-2.1.2.tgz",
			"integrity": "sha512-YZo3K82SD7Riyi0E1EQPojLz7kpepnSQI9IyPbHHg1XXXevb5dJI7tpyN2ADxGcQbHG7vcyRHk0cbwqcQriUtg==",
			"license": "MIT"
		},
		"node_modules/selderee": {
			"version": "0.11.0",
			"resolved": "https://registry.npmjs.org/selderee/-/selderee-0.11.0.tgz",
			"integrity": "sha512-5TF+l7p4+OsnP8BCCvSyZiSPc4x4//p5uPwK8TCnVPJYRmU2aYKMpOXvw8zM5a5JvuuCGN1jmsMwuU2W02ukfA==",
			"license": "MIT",
			"dependencies": {
				"parseley": "^0.12.0"
			},
			"funding": {
				"url": "https://ko-fi.com/killymxi"
			}
		},
		"node_modules/tlds": {
			"version": "1.255.0",
			"resolved": "https://registry.npmjs.org/tlds/-/tlds-1.255.0.tgz",
			"integrity": "sha512-tcwMRIioTcF/FcxLev8MJWxCp+GUALRhFEqbDoZrnowmKSGqPrl5pqS+Sut2m8BgJ6S4FExCSSpGffZ0Tks6Aw==",
			"license": "MIT",
			"bin": {
				"tlds": "bin.js"
			}
		},
		"node_modules/tslib": {
			"version": "2.8.1",
			"resolved": "https://registry.npmjs.org/tslib/-/tslib-2.8.1.tgz",
			"integrity": "sha512-oJFu94HQb+KVduSUQL7wnpmqnfmLsOA/nAh6b6EH0wCEoK0/mPeXU6c3wKDV83MkOuHPRHtSXKKU99IBazS/2w==",
			"license": "0BSD"
		},
		"node_modules/uc.micro": {
			"version": "2.1.0",
			"resolved": "https://registry.npmjs.org/uc.micro/-/uc.micro-2.1.0.tgz",
			"integrity": "sha512-ARDJmphmdvUk6Glw7y9DQ2bFkKBHwQHLi2lsaH6PPmz/Ka9sFOBsBluozhDltWmnv9u/cF6Rt87znRTPV+yp/A==",
			"license": "MIT"
		},
		"node_modules/undici-types": {
			"version": "6.21.0",
			"resolved": "https://registry.npmjs.org/undici-types/-/undici-types-6.21.0.tgz",
			"integrity": "sha512-iwDZqg0QAGrg9Rav5H4n0M64c3mkR59cJ6wQp+7C4nI0gsmExaedaYLNO44eT4AtBBwjbTiGPMlt2Md0T9H9JQ==",
			"license": "MIT"
		}
	}
}
