{
  "name": "@activepieces/piece-amazon-sqs",
  "version": "0.0.3",
  "lockfileVersion": 3,
  "requires": true,
  "packages": {
    "": {
      "name": "@activepieces/piece-amazon-sqs",
      "version": "0.0.3",
      "dependencies": {
        "@aws-sdk/client-sqs": "^3.806.0"
      }
    },
    "node_modules/@aws-crypto/sha256-browser": {
      "version": "5.2.0",
      "resolved": "https://registry.npmjs.org/@aws-crypto/sha256-browser/-/sha256-browser-5.2.0.tgz",
      "integrity": "sha512-AXfN/lGotSQwu6HNcEsIASo7kWXZ5HYWvfOmSNKDsEqC4OashTp8alTmaz+F7TC2L083SFv5RdB+qU3Vs1kZqw==",
      "dependencies": {
        "@aws-crypto/sha256-js": "^5.2.0",
        "@aws-crypto/supports-web-crypto": "^5.2.0",
        "@aws-crypto/util": "^5.2.0",
        "@aws-sdk/types": "^3.222.0",
        "@aws-sdk/util-locate-window": "^3.0.0",
        "@smithy/util-utf8": "^2.0.0",
        "tslib": "^2.6.2"
      }
    },
    "node_modules/@aws-crypto/sha256-browser/node_modules/@smithy/is-array-buffer": {
      "version": "2.2.0",
      "resolved": "https://registry.npmjs.org/@smithy/is-array-buffer/-/is-array-buffer-2.2.0.tgz",
      "integrity": "sha512-GGP3O9QFD24uGeAXYUjwSTXARoqpZykHadOmA8G5vfJPK0/DC67qa//0qvqrJzL1xc8WQWX7/yc7fwudjPHPhA==",
      "dependencies": {
        "tslib": "^2.6.2"
      },
      "engines": {
        "node": ">=14.0.0"
      }
    },
    "node_modules/@aws-crypto/sha256-browser/node_modules/@smithy/util-buffer-from": {
      "version": "2.2.0",
      "resolved": "https://registry.npmjs.org/@smithy/util-buffer-from/-/util-buffer-from-2.2.0.tgz",
      "integrity": "sha512-IJdWBbTcMQ6DA0gdNhh/BwrLkDR+ADW5Kr1aZmd4k3DIF6ezMV4R2NIAmT08wQJ3yUK82thHWmC/TnK/wpMMIA==",
      "dependencies": {
        "@smithy/is-array-buffer": "^2.2.0",
        "tslib": "^2.6.2"
      },
      "engines": {
        "node": ">=14.0.0"
      }
    },
    "node_modules/@aws-crypto/sha256-browser/node_modules/@smithy/util-utf8": {
      "version": "2.3.0",
      "resolved": "https://registry.npmjs.org/@smithy/util-utf8/-/util-utf8-2.3.0.tgz",
      "integrity": "sha512-R8Rdn8Hy72KKcebgLiv8jQcQkXoLMOGGv5uI1/k0l+snqkOzQ1R0ChUBCxWMlBsFMekWjq0wRudIweFs7sKT5A==",
      "dependencies": {
        "@smithy/util-buffer-from": "^2.2.0",
        "tslib": "^2.6.2"
      },
      "engines": {
        "node": ">=14.0.0"
      }
    },
    "node_modules/@aws-crypto/sha256-js": {
      "version": "5.2.0",
      "resolved": "https://registry.npmjs.org/@aws-crypto/sha256-js/-/sha256-js-5.2.0.tgz",
      "integrity": "sha512-FFQQyu7edu4ufvIZ+OadFpHHOt+eSTBaYaki44c+akjg7qZg9oOQeLlk77F6tSYqjDAFClrHJk9tMf0HdVyOvA==",
      "dependencies": {
        "@aws-crypto/util": "^5.2.0",
        "@aws-sdk/types": "^3.222.0",
        "tslib": "^2.6.2"
      },
      "engines": {
        "node": ">=16.0.0"
      }
    },
    "node_modules/@aws-crypto/supports-web-crypto": {
      "version": "5.2.0",
      "resolved": "https://registry.npmjs.org/@aws-crypto/supports-web-crypto/-/supports-web-crypto-5.2.0.tgz",
      "integrity": "sha512-iAvUotm021kM33eCdNfwIN//F77/IADDSs58i+MDaOqFrVjZo9bAal0NK7HurRuWLLpF1iLX7gbWrjHjeo+YFg==",
      "dependencies": {
        "tslib": "^2.6.2"
      }
    },
    "node_modules/@aws-crypto/util": {
      "version": "5.2.0",
      "resolved": "https://registry.npmjs.org/@aws-crypto/util/-/util-5.2.0.tgz",
      "integrity": "sha512-4RkU9EsI6ZpBve5fseQlGNUWKMa1RLPQ1dnjnQoe07ldfIzcsGb5hC5W0Dm7u423KWzawlrpbjXBrXCEv9zazQ==",
      "dependencies": {
        "@aws-sdk/types": "^3.222.0",
        "@smithy/util-utf8": "^2.0.0",
        "tslib": "^2.6.2"
      }
    },
    "node_modules/@aws-crypto/util/node_modules/@smithy/is-array-buffer": {
      "version": "2.2.0",
      "resolved": "https://registry.npmjs.org/@smithy/is-array-buffer/-/is-array-buffer-2.2.0.tgz",
      "integrity": "sha512-GGP3O9QFD24uGeAXYUjwSTXARoqpZykHadOmA8G5vfJPK0/DC67qa//0qvqrJzL1xc8WQWX7/yc7fwudjPHPhA==",
      "dependencies": {
        "tslib": "^2.6.2"
      },
      "engines": {
        "node": ">=14.0.0"
      }
    },
    "node_modules/@aws-crypto/util/node_modules/@smithy/util-buffer-from": {
      "version": "2.2.0",
      "resolved": "https://registry.npmjs.org/@smithy/util-buffer-from/-/util-buffer-from-2.2.0.tgz",
      "integrity": "sha512-IJdWBbTcMQ6DA0gdNhh/BwrLkDR+ADW5Kr1aZmd4k3DIF6ezMV4R2NIAmT08wQJ3yUK82thHWmC/TnK/wpMMIA==",
      "dependencies": {
        "@smithy/is-array-buffer": "^2.2.0",
        "tslib": "^2.6.2"
      },
      "engines": {
        "node": ">=14.0.0"
      }
    },
    "node_modules/@aws-crypto/util/node_modules/@smithy/util-utf8": {
      "version": "2.3.0",
      "resolved": "https://registry.npmjs.org/@smithy/util-utf8/-/util-utf8-2.3.0.tgz",
      "integrity": "sha512-R8Rdn8Hy72KKcebgLiv8jQcQkXoLMOGGv5uI1/k0l+snqkOzQ1R0ChUBCxWMlBsFMekWjq0wRudIweFs7sKT5A==",
      "dependencies": {
        "@smithy/util-buffer-from": "^2.2.0",
        "tslib": "^2.6.2"
      },
      "engines": {
        "node": ">=14.0.0"
      }
    },
    "node_modules/@aws-sdk/client-sqs": {
      "version": "3.806.0",
      "resolved": "https://registry.npmjs.org/@aws-sdk/client-sqs/-/client-sqs-3.806.0.tgz",
      "integrity": "sha512-JvoLtAa+mS8N90smkAg7lYVi/tdV1JbGrPoRJYLOGpA6N2mn7Atv580dWTJQ3m4lhmTgBJjVnMlo3AN/UJ+VIA==",
      "dependencies": {
        "@aws-crypto/sha256-browser": "5.2.0",
        "@aws-crypto/sha256-js": "5.2.0",
        "@aws-sdk/core": "3.806.0",
        "@aws-sdk/credential-provider-node": "3.806.0",
        "@aws-sdk/middleware-host-header": "3.804.0",
        "@aws-sdk/middleware-logger": "3.804.0",
        "@aws-sdk/middleware-recursion-detection": "3.804.0",
        "@aws-sdk/middleware-sdk-sqs": "3.806.0",
        "@aws-sdk/middleware-user-agent": "3.806.0",
        "@aws-sdk/region-config-resolver": "3.806.0",
        "@aws-sdk/types": "3.804.0",
        "@aws-sdk/util-endpoints": "3.806.0",
        "@aws-sdk/util-user-agent-browser": "3.804.0",
        "@aws-sdk/util-user-agent-node": "3.806.0",
        "@smithy/config-resolver": "^4.1.1",
        "@smithy/core": "^3.3.1",
        "@smithy/fetch-http-handler": "^5.0.2",
        "@smithy/hash-node": "^4.0.2",
        "@smithy/invalid-dependency": "^4.0.2",
        "@smithy/md5-js": "^4.0.2",
        "@smithy/middleware-content-length": "^4.0.2",
        "@smithy/middleware-endpoint": "^4.1.3",
        "@smithy/middleware-retry": "^4.1.4",
        "@smithy/middleware-serde": "^4.0.3",
        "@smithy/middleware-stack": "^4.0.2",
        "@smithy/node-config-provider": "^4.1.0",
        "@smithy/node-http-handler": "^4.0.4",
        "@smithy/protocol-http": "^5.1.0",
        "@smithy/smithy-client": "^4.2.3",
        "@smithy/types": "^4.2.0",
        "@smithy/url-parser": "^4.0.2",
        "@smithy/util-base64": "^4.0.0",
        "@smithy/util-body-length-browser": "^4.0.0",
        "@smithy/util-body-length-node": "^4.0.0",
        "@smithy/util-defaults-mode-browser": "^4.0.11",
        "@smithy/util-defaults-mode-node": "^4.0.11",
        "@smithy/util-endpoints": "^3.0.3",
        "@smithy/util-middleware": "^4.0.2",
        "@smithy/util-retry": "^4.0.3",
        "@smithy/util-utf8": "^4.0.0",
        "tslib": "^2.6.2"
      },
      "engines": {
        "node": ">=18.0.0"
      }
    },
    "node_modules/@aws-sdk/client-sso": {
      "version": "3.806.0",
      "resolved": "https://registry.npmjs.org/@aws-sdk/client-sso/-/client-sso-3.806.0.tgz",
      "integrity": "sha512-X0p/9/u9e6b22rlQqKucdtjdqmjSNB4c/8zDEoD5MvgYAAbMF9HNE0ST2xaA/WsJ7uE0jFfhPY2/00pslL1DqQ==",
      "dependencies": {
        "@aws-crypto/sha256-browser": "5.2.0",
        "@aws-crypto/sha256-js": "5.2.0",
        "@aws-sdk/core": "3.806.0",
        "@aws-sdk/middleware-host-header": "3.804.0",
        "@aws-sdk/middleware-logger": "3.804.0",
        "@aws-sdk/middleware-recursion-detection": "3.804.0",
        "@aws-sdk/middleware-user-agent": "3.806.0",
        "@aws-sdk/region-config-resolver": "3.806.0",
        "@aws-sdk/types": "3.804.0",
        "@aws-sdk/util-endpoints": "3.806.0",
        "@aws-sdk/util-user-agent-browser": "3.804.0",
        "@aws-sdk/util-user-agent-node": "3.806.0",
        "@smithy/config-resolver": "^4.1.1",
        "@smithy/core": "^3.3.1",
        "@smithy/fetch-http-handler": "^5.0.2",
        "@smithy/hash-node": "^4.0.2",
        "@smithy/invalid-dependency": "^4.0.2",
        "@smithy/middleware-content-length": "^4.0.2",
        "@smithy/middleware-endpoint": "^4.1.3",
        "@smithy/middleware-retry": "^4.1.4",
        "@smithy/middleware-serde": "^4.0.3",
        "@smithy/middleware-stack": "^4.0.2",
        "@smithy/node-config-provider": "^4.1.0",
        "@smithy/node-http-handler": "^4.0.4",
        "@smithy/protocol-http": "^5.1.0",
        "@smithy/smithy-client": "^4.2.3",
        "@smithy/types": "^4.2.0",
        "@smithy/url-parser": "^4.0.2",
        "@smithy/util-base64": "^4.0.0",
        "@smithy/util-body-length-browser": "^4.0.0",
        "@smithy/util-body-length-node": "^4.0.0",
        "@smithy/util-defaults-mode-browser": "^4.0.11",
        "@smithy/util-defaults-mode-node": "^4.0.11",
        "@smithy/util-endpoints": "^3.0.3",
        "@smithy/util-middleware": "^4.0.2",
        "@smithy/util-retry": "^4.0.3",
        "@smithy/util-utf8": "^4.0.0",
        "tslib": "^2.6.2"
      },
      "engines": {
        "node": ">=18.0.0"
      }
    },
    "node_modules/@aws-sdk/core": {
      "version": "3.806.0",
      "resolved": "https://registry.npmjs.org/@aws-sdk/core/-/core-3.806.0.tgz",
      "integrity": "sha512-HJRINPncdjPK0iL3f6cBpqCMaxVwq2oDbRCzOx04tsLZ0tNgRACBfT3d/zNVRvMt6fnOVKXoN1LAtQaw50pjEA==",
      "dependencies": {
        "@aws-sdk/types": "3.804.0",
        "@smithy/core": "^3.3.1",
        "@smithy/node-config-provider": "^4.1.0",
        "@smithy/property-provider": "^4.0.2",
        "@smithy/protocol-http": "^5.1.0",
        "@smithy/signature-v4": "^5.1.0",
        "@smithy/smithy-client": "^4.2.3",
        "@smithy/types": "^4.2.0",
        "@smithy/util-middleware": "^4.0.2",
        "fast-xml-parser": "4.4.1",
        "tslib": "^2.6.2"
      },
      "engines": {
        "node": ">=18.0.0"
      }
    },
    "node_modules/@aws-sdk/credential-provider-env": {
      "version": "3.806.0",
      "resolved": "https://registry.npmjs.org/@aws-sdk/credential-provider-env/-/credential-provider-env-3.806.0.tgz",
      "integrity": "sha512-nbPwmZn0kt6Q1XI2FaJWP6AhF9tro4cO5HlmZQx8NU+B0H1y9WMo659Q5zLLY46BXgoQVIJEsPSZpcZk27O4aw==",
      "dependencies": {
        "@aws-sdk/core": "3.806.0",
        "@aws-sdk/types": "3.804.0",
        "@smithy/property-provider": "^4.0.2",
        "@smithy/types": "^4.2.0",
        "tslib": "^2.6.2"
      },
      "engines": {
        "node": ">=18.0.0"
      }
    },
    "node_modules/@aws-sdk/credential-provider-http": {
      "version": "3.806.0",
      "resolved": "https://registry.npmjs.org/@aws-sdk/credential-provider-http/-/credential-provider-http-3.806.0.tgz",
      "integrity": "sha512-e/gB2iJQQ4ZpecOVpEFhEvjGwuTqNCzhVaVsFYVc49FPfR1seuN7qBGYe1MO7mouGDQFInzJgcNup0DnYUrLiw==",
      "dependencies": {
        "@aws-sdk/core": "3.806.0",
        "@aws-sdk/types": "3.804.0",
        "@smithy/fetch-http-handler": "^5.0.2",
        "@smithy/node-http-handler": "^4.0.4",
        "@smithy/property-provider": "^4.0.2",
        "@smithy/protocol-http": "^5.1.0",
        "@smithy/smithy-client": "^4.2.3",
        "@smithy/types": "^4.2.0",
        "@smithy/util-stream": "^4.2.0",
        "tslib": "^2.6.2"
      },
      "engines": {
        "node": ">=18.0.0"
      }
    },
    "node_modules/@aws-sdk/credential-provider-ini": {
      "version": "3.806.0",
      "resolved": "https://registry.npmjs.org/@aws-sdk/credential-provider-ini/-/credential-provider-ini-3.806.0.tgz",
      "integrity": "sha512-FogfbuYSEZgFxbNy0QcsBZHHe5mSv5HV3+JyB5n0kCyjOISCVCZD7gwxKdXjt8O1hXq5k5SOdQvydGULlB6rew==",
      "dependencies": {
        "@aws-sdk/core": "3.806.0",
        "@aws-sdk/credential-provider-env": "3.806.0",
        "@aws-sdk/credential-provider-http": "3.806.0",
        "@aws-sdk/credential-provider-process": "3.806.0",
        "@aws-sdk/credential-provider-sso": "3.806.0",
        "@aws-sdk/credential-provider-web-identity": "3.806.0",
        "@aws-sdk/nested-clients": "3.806.0",
        "@aws-sdk/types": "3.804.0",
        "@smithy/credential-provider-imds": "^4.0.2",
        "@smithy/property-provider": "^4.0.2",
        "@smithy/shared-ini-file-loader": "^4.0.2",
        "@smithy/types": "^4.2.0",
        "tslib": "^2.6.2"
      },
      "engines": {
        "node": ">=18.0.0"
      }
    },
    "node_modules/@aws-sdk/credential-provider-node": {
      "version": "3.806.0",
      "resolved": "https://registry.npmjs.org/@aws-sdk/credential-provider-node/-/credential-provider-node-3.806.0.tgz",
      "integrity": "sha512-fZX8xP2Kf0k70kDTog/87fh/M+CV0E2yujSw1cUBJhDSwDX3RlUahiJk7TpB/KGw6hEFESMd6+7kq3UzYuw3rg==",
      "dependencies": {
        "@aws-sdk/credential-provider-env": "3.806.0",
        "@aws-sdk/credential-provider-http": "3.806.0",
        "@aws-sdk/credential-provider-ini": "3.806.0",
        "@aws-sdk/credential-provider-process": "3.806.0",
        "@aws-sdk/credential-provider-sso": "3.806.0",
        "@aws-sdk/credential-provider-web-identity": "3.806.0",
        "@aws-sdk/types": "3.804.0",
        "@smithy/credential-provider-imds": "^4.0.2",
        "@smithy/property-provider": "^4.0.2",
        "@smithy/shared-ini-file-loader": "^4.0.2",
        "@smithy/types": "^4.2.0",
        "tslib": "^2.6.2"
      },
      "engines": {
        "node": ">=18.0.0"
      }
    },
    "node_modules/@aws-sdk/credential-provider-process": {
      "version": "3.806.0",
      "resolved": "https://registry.npmjs.org/@aws-sdk/credential-provider-process/-/credential-provider-process-3.806.0.tgz",
      "integrity": "sha512-8Y8GYEw/1e5IZRDQL02H6nsTDcRWid/afRMeWg+93oLQmbHcTtdm48tjis+7Xwqy+XazhMDmkbUht11QPTDJcQ==",
      "dependencies": {
        "@aws-sdk/core": "3.806.0",
        "@aws-sdk/types": "3.804.0",
        "@smithy/property-provider": "^4.0.2",
        "@smithy/shared-ini-file-loader": "^4.0.2",
        "@smithy/types": "^4.2.0",
        "tslib": "^2.6.2"
      },
      "engines": {
        "node": ">=18.0.0"
      }
    },
    "node_modules/@aws-sdk/credential-provider-sso": {
      "version": "3.806.0",
      "resolved": "https://registry.npmjs.org/@aws-sdk/credential-provider-sso/-/credential-provider-sso-3.806.0.tgz",
      "integrity": "sha512-hT9OBwCxWMPBydNhXm2gdNNzx5AJNheS9RglwDDvXWzQ9qDuRztjuMBilMSUMb0HF9K4IqQjYzGqczMuktz4qQ==",
      "dependencies": {
        "@aws-sdk/client-sso": "3.806.0",
        "@aws-sdk/core": "3.806.0",
        "@aws-sdk/token-providers": "3.806.0",
        "@aws-sdk/types": "3.804.0",
        "@smithy/property-provider": "^4.0.2",
        "@smithy/shared-ini-file-loader": "^4.0.2",
        "@smithy/types": "^4.2.0",
        "tslib": "^2.6.2"
      },
      "engines": {
        "node": ">=18.0.0"
      }
    },
    "node_modules/@aws-sdk/credential-provider-web-identity": {
      "version": "3.806.0",
      "resolved": "https://registry.npmjs.org/@aws-sdk/credential-provider-web-identity/-/credential-provider-web-identity-3.806.0.tgz",
      "integrity": "sha512-XxaSY9Zd3D4ClUGENYMvi52ac5FuJPPAsvRtEfyrSdEpf6QufbMpnexWBZMYRF31h/VutgqtJwosGgNytpxMEg==",
      "dependencies": {
        "@aws-sdk/core": "3.806.0",
        "@aws-sdk/nested-clients": "3.806.0",
        "@aws-sdk/types": "3.804.0",
        "@smithy/property-provider": "^4.0.2",
        "@smithy/types": "^4.2.0",
        "tslib": "^2.6.2"
      },
      "engines": {
        "node": ">=18.0.0"
      }
    },
    "node_modules/@aws-sdk/middleware-host-header": {
      "version": "3.804.0",
      "resolved": "https://registry.npmjs.org/@aws-sdk/middleware-host-header/-/middleware-host-header-3.804.0.tgz",
      "integrity": "sha512-bum1hLVBrn2lJCi423Z2fMUYtsbkGI2s4N+2RI2WSjvbaVyMSv/WcejIrjkqiiMR+2Y7m5exgoKeg4/TODLDPQ==",
      "dependencies": {
        "@aws-sdk/types": "3.804.0",
        "@smithy/protocol-http": "^5.1.0",
        "@smithy/types": "^4.2.0",
        "tslib": "^2.6.2"
      },
      "engines": {
        "node": ">=18.0.0"
      }
    },
    "node_modules/@aws-sdk/middleware-logger": {
      "version": "3.804.0",
      "resolved": "https://registry.npmjs.org/@aws-sdk/middleware-logger/-/middleware-logger-3.804.0.tgz",
      "integrity": "sha512-w/qLwL3iq0KOPQNat0Kb7sKndl9BtceigINwBU7SpkYWX9L/Lem6f8NPEKrC9Tl4wDBht3Yztub4oRTy/horJA==",
      "dependencies": {
        "@aws-sdk/types": "3.804.0",
        "@smithy/types": "^4.2.0",
        "tslib": "^2.6.2"
      },
      "engines": {
        "node": ">=18.0.0"
      }
    },
    "node_modules/@aws-sdk/middleware-recursion-detection": {
      "version": "3.804.0",
      "resolved": "https://registry.npmjs.org/@aws-sdk/middleware-recursion-detection/-/middleware-recursion-detection-3.804.0.tgz",
      "integrity": "sha512-zqHOrvLRdsUdN/ehYfZ9Tf8svhbiLLz5VaWUz22YndFv6m9qaAcijkpAOlKexsv3nLBMJdSdJ6GUTAeIy3BZzw==",
      "dependencies": {
        "@aws-sdk/types": "3.804.0",
        "@smithy/protocol-http": "^5.1.0",
        "@smithy/types": "^4.2.0",
        "tslib": "^2.6.2"
      },
      "engines": {
        "node": ">=18.0.0"
      }
    },
    "node_modules/@aws-sdk/middleware-sdk-sqs": {
      "version": "3.806.0",
      "resolved": "https://registry.npmjs.org/@aws-sdk/middleware-sdk-sqs/-/middleware-sdk-sqs-3.806.0.tgz",
      "integrity": "sha512-UHZKudmpl0nquq4iSSMKtypM3RFsybXiagd0mYmBpjG1Jw2oS/7NC4VFmxSnUC3jg8yXY4N9qu658Z4u9OMBDg==",
      "dependencies": {
        "@aws-sdk/types": "3.804.0",
        "@smithy/smithy-client": "^4.2.3",
        "@smithy/types": "^4.2.0",
        "@smithy/util-hex-encoding": "^4.0.0",
        "@smithy/util-utf8": "^4.0.0",
        "tslib": "^2.6.2"
      },
      "engines": {
        "node": ">=18.0.0"
      }
    },
    "node_modules/@aws-sdk/middleware-user-agent": {
      "version": "3.806.0",
      "resolved": "https://registry.npmjs.org/@aws-sdk/middleware-user-agent/-/middleware-user-agent-3.806.0.tgz",
      "integrity": "sha512-XoIromVffgXnc+/mjlR2EVzQVIei3bPVtafIZNsHuEmUvIWJXiWsa2eJpt3BUqa0HF9YPknK7ommNEhqRb8ucg==",
      "dependencies": {
        "@aws-sdk/core": "3.806.0",
        "@aws-sdk/types": "3.804.0",
        "@aws-sdk/util-endpoints": "3.806.0",
        "@smithy/core": "^3.3.1",
        "@smithy/protocol-http": "^5.1.0",
        "@smithy/types": "^4.2.0",
        "tslib": "^2.6.2"
      },
      "engines": {
        "node": ">=18.0.0"
      }
    },
    "node_modules/@aws-sdk/nested-clients": {
      "version": "3.806.0",
      "resolved": "https://registry.npmjs.org/@aws-sdk/nested-clients/-/nested-clients-3.806.0.tgz",
      "integrity": "sha512-ua2gzpfQ9MF8Rny+tOAivowOWWvqEusez2rdcQK8jdBjA1ANd/0xzToSZjZh0ziN8Kl8jOhNnHbQJ0v6dT6+hg==",
      "dependencies": {
        "@aws-crypto/sha256-browser": "5.2.0",
        "@aws-crypto/sha256-js": "5.2.0",
        "@aws-sdk/core": "3.806.0",
        "@aws-sdk/middleware-host-header": "3.804.0",
        "@aws-sdk/middleware-logger": "3.804.0",
        "@aws-sdk/middleware-recursion-detection": "3.804.0",
        "@aws-sdk/middleware-user-agent": "3.806.0",
        "@aws-sdk/region-config-resolver": "3.806.0",
        "@aws-sdk/types": "3.804.0",
        "@aws-sdk/util-endpoints": "3.806.0",
        "@aws-sdk/util-user-agent-browser": "3.804.0",
        "@aws-sdk/util-user-agent-node": "3.806.0",
        "@smithy/config-resolver": "^4.1.1",
        "@smithy/core": "^3.3.1",
        "@smithy/fetch-http-handler": "^5.0.2",
        "@smithy/hash-node": "^4.0.2",
        "@smithy/invalid-dependency": "^4.0.2",
        "@smithy/middleware-content-length": "^4.0.2",
        "@smithy/middleware-endpoint": "^4.1.3",
        "@smithy/middleware-retry": "^4.1.4",
        "@smithy/middleware-serde": "^4.0.3",
        "@smithy/middleware-stack": "^4.0.2",
        "@smithy/node-config-provider": "^4.1.0",
        "@smithy/node-http-handler": "^4.0.4",
        "@smithy/protocol-http": "^5.1.0",
        "@smithy/smithy-client": "^4.2.3",
        "@smithy/types": "^4.2.0",
        "@smithy/url-parser": "^4.0.2",
        "@smithy/util-base64": "^4.0.0",
        "@smithy/util-body-length-browser": "^4.0.0",
        "@smithy/util-body-length-node": "^4.0.0",
        "@smithy/util-defaults-mode-browser": "^4.0.11",
        "@smithy/util-defaults-mode-node": "^4.0.11",
        "@smithy/util-endpoints": "^3.0.3",
        "@smithy/util-middleware": "^4.0.2",
        "@smithy/util-retry": "^4.0.3",
        "@smithy/util-utf8": "^4.0.0",
        "tslib": "^2.6.2"
      },
      "engines": {
        "node": ">=18.0.0"
      }
    },
    "node_modules/@aws-sdk/region-config-resolver": {
      "version": "3.806.0",
      "resolved": "https://registry.npmjs.org/@aws-sdk/region-config-resolver/-/region-config-resolver-3.806.0.tgz",
      "integrity": "sha512-cuv5pX55JOlzKC/iLsB5nZ9eUyVgncim3VhhWHZA/KYPh7rLMjOEfZ+xyaE9uLJXGmzOJboFH7+YdTRdIcOgrg==",
      "dependencies": {
        "@aws-sdk/types": "3.804.0",
        "@smithy/node-config-provider": "^4.1.0",
        "@smithy/types": "^4.2.0",
        "@smithy/util-config-provider": "^4.0.0",
        "@smithy/util-middleware": "^4.0.2",
        "tslib": "^2.6.2"
      },
      "engines": {
        "node": ">=18.0.0"
      }
    },
    "node_modules/@aws-sdk/token-providers": {
      "version": "3.806.0",
      "resolved": "https://registry.npmjs.org/@aws-sdk/token-providers/-/token-providers-3.806.0.tgz",
      "integrity": "sha512-I6SxcsvV7yinJZmPgGullFHS0tsTKa7K3jEc5dmyCz8X+kZPfsWNffZmtmnCvWXPqMXWBvK6hVaxwomx79yeHA==",
      "dependencies": {
        "@aws-sdk/nested-clients": "3.806.0",
        "@aws-sdk/types": "3.804.0",
        "@smithy/property-provider": "^4.0.2",
        "@smithy/shared-ini-file-loader": "^4.0.2",
        "@smithy/types": "^4.2.0",
        "tslib": "^2.6.2"
      },
      "engines": {
        "node": ">=18.0.0"
      }
    },
    "node_modules/@aws-sdk/types": {
      "version": "3.804.0",
      "resolved": "https://registry.npmjs.org/@aws-sdk/types/-/types-3.804.0.tgz",
      "integrity": "sha512-A9qnsy9zQ8G89vrPPlNG9d1d8QcKRGqJKqwyGgS0dclJpwy6d1EWgQLIolKPl6vcFpLoe6avLOLxr+h8ur5wpg==",
      "dependencies": {
        "@smithy/types": "^4.2.0",
        "tslib": "^2.6.2"
      },
      "engines": {
        "node": ">=18.0.0"
      }
    },
    "node_modules/@aws-sdk/util-endpoints": {
      "version": "3.806.0",
      "resolved": "https://registry.npmjs.org/@aws-sdk/util-endpoints/-/util-endpoints-3.806.0.tgz",
      "integrity": "sha512-3YRRgZ+qFuWDdm5uAbxKsr65UAil4KkrFKua9f4m7Be3v24ETiFOOqhanFUIk9/WOtvzF7oFEiDjYKDGlwV2xg==",
      "dependencies": {
        "@aws-sdk/types": "3.804.0",
        "@smithy/types": "^4.2.0",
        "@smithy/util-endpoints": "^3.0.3",
        "tslib": "^2.6.2"
      },
      "engines": {
        "node": ">=18.0.0"
      }
    },
    "node_modules/@aws-sdk/util-locate-window": {
      "version": "3.804.0",
      "resolved": "https://registry.npmjs.org/@aws-sdk/util-locate-window/-/util-locate-window-3.804.0.tgz",
      "integrity": "sha512-zVoRfpmBVPodYlnMjgVjfGoEZagyRF5IPn3Uo6ZvOZp24chnW/FRstH7ESDHDDRga4z3V+ElUQHKpFDXWyBW5A==",
      "dependencies": {
        "tslib": "^2.6.2"
      },
      "engines": {
        "node": ">=18.0.0"
      }
    },
    "node_modules/@aws-sdk/util-user-agent-browser": {
      "version": "3.804.0",
      "resolved": "https://registry.npmjs.org/@aws-sdk/util-user-agent-browser/-/util-user-agent-browser-3.804.0.tgz",
      "integrity": "sha512-KfW6T6nQHHM/vZBBdGn6fMyG/MgX5lq82TDdX4HRQRRuHKLgBWGpKXqqvBwqIaCdXwWHgDrg2VQups6GqOWW2A==",
      "dependencies": {
        "@aws-sdk/types": "3.804.0",
        "@smithy/types": "^4.2.0",
        "bowser": "^2.11.0",
        "tslib": "^2.6.2"
      }
    },
    "node_modules/@aws-sdk/util-user-agent-node": {
      "version": "3.806.0",
      "resolved": "https://registry.npmjs.org/@aws-sdk/util-user-agent-node/-/util-user-agent-node-3.806.0.tgz",
      "integrity": "sha512-Az2e4/gmPZ4BpB7QRj7U76I+fctXhNcxlcgsaHnMhvt+R30nvzM2EhsyBUvsWl8+r9bnLeYt9BpvEZeq2ANDzA==",
      "dependencies": {
        "@aws-sdk/middleware-user-agent": "3.806.0",
        "@aws-sdk/types": "3.804.0",
        "@smithy/node-config-provider": "^4.1.0",
        "@smithy/types": "^4.2.0",
        "tslib": "^2.6.2"
      },
      "engines": {
        "node": ">=18.0.0"
      },
      "peerDependencies": {
        "aws-crt": ">=1.0.0"
      },
      "peerDependenciesMeta": {
        "aws-crt": {
          "optional": true
        }
      }
    },
    "node_modules/@smithy/abort-controller": {
      "version": "4.0.2",
      "resolved": "https://registry.npmjs.org/@smithy/abort-controller/-/abort-controller-4.0.2.tgz",
      "integrity": "sha512-Sl/78VDtgqKxN2+1qduaVE140XF+Xg+TafkncspwM4jFP/LHr76ZHmIY/y3V1M0mMLNk+Je6IGbzxy23RSToMw==",
      "dependencies": {
        "@smithy/types": "^4.2.0",
        "tslib": "^2.6.2"
      },
      "engines": {
        "node": ">=18.0.0"
      }
    },
    "node_modules/@smithy/config-resolver": {
      "version": "4.1.2",
      "resolved": "https://registry.npmjs.org/@smithy/config-resolver/-/config-resolver-4.1.2.tgz",
      "integrity": "sha512-7r6mZGwb5LmLJ+zPtkLoznf2EtwEuSWdtid10pjGl/7HefCE4mueOkrfki8JCUm99W6UfP47/r3tbxx9CfBN5A==",
      "dependencies": {
        "@smithy/node-config-provider": "^4.1.1",
        "@smithy/types": "^4.2.0",
        "@smithy/util-config-provider": "^4.0.0",
        "@smithy/util-middleware": "^4.0.2",
        "tslib": "^2.6.2"
      },
      "engines": {
        "node": ">=18.0.0"
      }
    },
    "node_modules/@smithy/core": {
      "version": "3.3.1",
      "resolved": "https://registry.npmjs.org/@smithy/core/-/core-3.3.1.tgz",
      "integrity": "sha512-W7AppgQD3fP1aBmo8wWo0id5zeR2/aYRy067vZsDVaa6v/mdhkg6DxXwEVuSPjZl+ZnvWAQbUMCd5ckw38+tHQ==",
      "dependencies": {
        "@smithy/middleware-serde": "^4.0.3",
        "@smithy/protocol-http": "^5.1.0",
        "@smithy/types": "^4.2.0",
        "@smithy/util-body-length-browser": "^4.0.0",
        "@smithy/util-middleware": "^4.0.2",
        "@smithy/util-stream": "^4.2.0",
        "@smithy/util-utf8": "^4.0.0",
        "tslib": "^2.6.2"
      },
      "engines": {
        "node": ">=18.0.0"
      }
    },
    "node_modules/@smithy/credential-provider-imds": {
      "version": "4.0.4",
      "resolved": "https://registry.npmjs.org/@smithy/credential-provider-imds/-/credential-provider-imds-4.0.4.tgz",
      "integrity": "sha512-jN6M6zaGVyB8FmNGG+xOPQB4N89M1x97MMdMnm1ESjljLS3Qju/IegQizKujaNcy2vXAvrz0en8bobe6E55FEA==",
      "dependencies": {
        "@smithy/node-config-provider": "^4.1.1",
        "@smithy/property-provider": "^4.0.2",
        "@smithy/types": "^4.2.0",
        "@smithy/url-parser": "^4.0.2",
        "tslib": "^2.6.2"
      },
      "engines": {
        "node": ">=18.0.0"
      }
    },
    "node_modules/@smithy/fetch-http-handler": {
      "version": "5.0.2",
      "resolved": "https://registry.npmjs.org/@smithy/fetch-http-handler/-/fetch-http-handler-5.0.2.tgz",
      "integrity": "sha512-+9Dz8sakS9pe7f2cBocpJXdeVjMopUDLgZs1yWeu7h++WqSbjUYv/JAJwKwXw1HV6gq1jyWjxuyn24E2GhoEcQ==",
      "dependencies": {
        "@smithy/protocol-http": "^5.1.0",
        "@smithy/querystring-builder": "^4.0.2",
        "@smithy/types": "^4.2.0",
        "@smithy/util-base64": "^4.0.0",
        "tslib": "^2.6.2"
      },
      "engines": {
        "node": ">=18.0.0"
      }
    },
    "node_modules/@smithy/hash-node": {
      "version": "4.0.2",
      "resolved": "https://registry.npmjs.org/@smithy/hash-node/-/hash-node-4.0.2.tgz",
      "integrity": "sha512-VnTpYPnRUE7yVhWozFdlxcYknv9UN7CeOqSrMH+V877v4oqtVYuoqhIhtSjmGPvYrYnAkaM61sLMKHvxL138yg==",
      "dependencies": {
        "@smithy/types": "^4.2.0",
        "@smithy/util-buffer-from": "^4.0.0",
        "@smithy/util-utf8": "^4.0.0",
        "tslib": "^2.6.2"
      },
      "engines": {
        "node": ">=18.0.0"
      }
    },
    "node_modules/@smithy/invalid-dependency": {
      "version": "4.0.2",
      "resolved": "https://registry.npmjs.org/@smithy/invalid-dependency/-/invalid-dependency-4.0.2.tgz",
      "integrity": "sha512-GatB4+2DTpgWPday+mnUkoumP54u/MDM/5u44KF9hIu8jF0uafZtQLcdfIKkIcUNuF/fBojpLEHZS/56JqPeXQ==",
      "dependencies": {
        "@smithy/types": "^4.2.0",
        "tslib": "^2.6.2"
      },
      "engines": {
        "node": ">=18.0.0"
      }
    },
    "node_modules/@smithy/is-array-buffer": {
      "version": "4.0.0",
      "resolved": "https://registry.npmjs.org/@smithy/is-array-buffer/-/is-array-buffer-4.0.0.tgz",
      "integrity": "sha512-saYhF8ZZNoJDTvJBEWgeBccCg+yvp1CX+ed12yORU3NilJScfc6gfch2oVb4QgxZrGUx3/ZJlb+c/dJbyupxlw==",
      "dependencies": {
        "tslib": "^2.6.2"
      },
      "engines": {
        "node": ">=18.0.0"
      }
    },
    "node_modules/@smithy/md5-js": {
      "version": "4.0.2",
      "resolved": "https://registry.npmjs.org/@smithy/md5-js/-/md5-js-4.0.2.tgz",
      "integrity": "sha512-Hc0R8EiuVunUewCse2syVgA2AfSRco3LyAv07B/zCOMa+jpXI9ll+Q21Nc6FAlYPcpNcAXqBzMhNs1CD/pP2bA==",
      "dependencies": {
        "@smithy/types": "^4.2.0",
        "@smithy/util-utf8": "^4.0.0",
        "tslib": "^2.6.2"
      },
      "engines": {
        "node": ">=18.0.0"
      }
    },
    "node_modules/@smithy/middleware-content-length": {
      "version": "4.0.2",
      "resolved": "https://registry.npmjs.org/@smithy/middleware-content-length/-/middleware-content-length-4.0.2.tgz",
      "integrity": "sha512-hAfEXm1zU+ELvucxqQ7I8SszwQ4znWMbNv6PLMndN83JJN41EPuS93AIyh2N+gJ6x8QFhzSO6b7q2e6oClDI8A==",
      "dependencies": {
        "@smithy/protocol-http": "^5.1.0",
        "@smithy/types": "^4.2.0",
        "tslib": "^2.6.2"
      },
      "engines": {
        "node": ">=18.0.0"
      }
    },
    "node_modules/@smithy/middleware-endpoint": {
      "version": "4.1.4",
      "resolved": "https://registry.npmjs.org/@smithy/middleware-endpoint/-/middleware-endpoint-4.1.4.tgz",
      "integrity": "sha512-qWyYvszzvDjT2AxRvEpNhnMTo8QX9MCAtuSA//kYbXewb+2mEGQCk1UL4dNIrKLcF5KT11dOJtxFYT0kzajq5g==",
      "dependencies": {
        "@smithy/core": "^3.3.1",
        "@smithy/middleware-serde": "^4.0.3",
        "@smithy/node-config-provider": "^4.1.1",
        "@smithy/shared-ini-file-loader": "^4.0.2",
        "@smithy/types": "^4.2.0",
        "@smithy/url-parser": "^4.0.2",
        "@smithy/util-middleware": "^4.0.2",
        "tslib": "^2.6.2"
      },
      "engines": {
        "node": ">=18.0.0"
      }
    },
    "node_modules/@smithy/middleware-retry": {
      "version": "4.1.5",
      "resolved": "https://registry.npmjs.org/@smithy/middleware-retry/-/middleware-retry-4.1.5.tgz",
      "integrity": "sha512-eQguCTA2TRGyg4P7gDuhRjL2HtN5OKJXysq3Ufj0EppZe4XBmSyKIvVX9ws9KkD3lkJskw1tfE96wMFsiUShaw==",
      "dependencies": {
        "@smithy/node-config-provider": "^4.1.1",
        "@smithy/protocol-http": "^5.1.0",
        "@smithy/service-error-classification": "^4.0.3",
        "@smithy/smithy-client": "^4.2.4",
        "@smithy/types": "^4.2.0",
        "@smithy/util-middleware": "^4.0.2",
        "@smithy/util-retry": "^4.0.3",
        "tslib": "^2.6.2",
        "uuid": "^9.0.1"
      },
      "engines": {
        "node": ">=18.0.0"
      }
    },
    "node_modules/@smithy/middleware-serde": {
      "version": "4.0.3",
      "resolved": "https://registry.npmjs.org/@smithy/middleware-serde/-/middleware-serde-4.0.3.tgz",
      "integrity": "sha512-rfgDVrgLEVMmMn0BI8O+8OVr6vXzjV7HZj57l0QxslhzbvVfikZbVfBVthjLHqib4BW44QhcIgJpvebHlRaC9A==",
      "dependencies": {
        "@smithy/types": "^4.2.0",
        "tslib": "^2.6.2"
      },
      "engines": {
        "node": ">=18.0.0"
      }
    },
    "node_modules/@smithy/middleware-stack": {
      "version": "4.0.2",
      "resolved": "https://registry.npmjs.org/@smithy/middleware-stack/-/middleware-stack-4.0.2.tgz",
      "integrity": "sha512-eSPVcuJJGVYrFYu2hEq8g8WWdJav3sdrI4o2c6z/rjnYDd3xH9j9E7deZQCzFn4QvGPouLngH3dQ+QVTxv5bOQ==",
      "dependencies": {
        "@smithy/types": "^4.2.0",
        "tslib": "^2.6.2"
      },
      "engines": {
        "node": ">=18.0.0"
      }
    },
    "node_modules/@smithy/node-config-provider": {
      "version": "4.1.1",
      "resolved": "https://registry.npmjs.org/@smithy/node-config-provider/-/node-config-provider-4.1.1.tgz",
      "integrity": "sha512-1slS5jf5icHETwl5hxEVBj+mh6B+LbVW4yRINsGtUKH+nxM5Pw2H59+qf+JqYFCHp9jssG4vX81f5WKnjMN3Vw==",
      "dependencies": {
        "@smithy/property-provider": "^4.0.2",
        "@smithy/shared-ini-file-loader": "^4.0.2",
        "@smithy/types": "^4.2.0",
        "tslib": "^2.6.2"
      },
      "engines": {
        "node": ">=18.0.0"
      }
    },
    "node_modules/@smithy/node-http-handler": {
      "version": "4.0.4",
      "resolved": "https://registry.npmjs.org/@smithy/node-http-handler/-/node-http-handler-4.0.4.tgz",
      "integrity": "sha512-/mdqabuAT3o/ihBGjL94PUbTSPSRJ0eeVTdgADzow0wRJ0rN4A27EOrtlK56MYiO1fDvlO3jVTCxQtQmK9dZ1g==",
      "dependencies": {
        "@smithy/abort-controller": "^4.0.2",
        "@smithy/protocol-http": "^5.1.0",
        "@smithy/querystring-builder": "^4.0.2",
        "@smithy/types": "^4.2.0",
        "tslib": "^2.6.2"
      },
      "engines": {
        "node": ">=18.0.0"
      }
    },
    "node_modules/@smithy/property-provider": {
      "version": "4.0.2",
      "resolved": "https://registry.npmjs.org/@smithy/property-provider/-/property-provider-4.0.2.tgz",
      "integrity": "sha512-wNRoQC1uISOuNc2s4hkOYwYllmiyrvVXWMtq+TysNRVQaHm4yoafYQyjN/goYZS+QbYlPIbb/QRjaUZMuzwQ7A==",
      "dependencies": {
        "@smithy/types": "^4.2.0",
        "tslib": "^2.6.2"
      },
      "engines": {
        "node": ">=18.0.0"
      }
    },
    "node_modules/@smithy/protocol-http": {
      "version": "5.1.0",
      "resolved": "https://registry.npmjs.org/@smithy/protocol-http/-/protocol-http-5.1.0.tgz",
      "integrity": "sha512-KxAOL1nUNw2JTYrtviRRjEnykIDhxc84qMBzxvu1MUfQfHTuBlCG7PA6EdVwqpJjH7glw7FqQoFxUJSyBQgu7g==",
      "dependencies": {
        "@smithy/types": "^4.2.0",
        "tslib": "^2.6.2"
      },
      "engines": {
        "node": ">=18.0.0"
      }
    },
    "node_modules/@smithy/querystring-builder": {
      "version": "4.0.2",
      "resolved": "https://registry.npmjs.org/@smithy/querystring-builder/-/querystring-builder-4.0.2.tgz",
      "integrity": "sha512-NTOs0FwHw1vimmQM4ebh+wFQvOwkEf/kQL6bSM1Lock+Bv4I89B3hGYoUEPkmvYPkDKyp5UdXJYu+PoTQ3T31Q==",
      "dependencies": {
        "@smithy/types": "^4.2.0",
        "@smithy/util-uri-escape": "^4.0.0",
        "tslib": "^2.6.2"
      },
      "engines": {
        "node": ">=18.0.0"
      }
    },
    "node_modules/@smithy/querystring-parser": {
      "version": "4.0.2",
      "resolved": "https://registry.npmjs.org/@smithy/querystring-parser/-/querystring-parser-4.0.2.tgz",
      "integrity": "sha512-v6w8wnmZcVXjfVLjxw8qF7OwESD9wnpjp0Dqry/Pod0/5vcEA3qxCr+BhbOHlxS8O+29eLpT3aagxXGwIoEk7Q==",
      "dependencies": {
        "@smithy/types": "^4.2.0",
        "tslib": "^2.6.2"
      },
      "engines": {
        "node": ">=18.0.0"
      }
    },
    "node_modules/@smithy/service-error-classification": {
      "version": "4.0.3",
      "resolved": "https://registry.npmjs.org/@smithy/service-error-classification/-/service-error-classification-4.0.3.tgz",
      "integrity": "sha512-FTbcajmltovWMjj3tksDQdD23b2w6gH+A0DYA1Yz3iSpjDj8fmkwy62UnXcWMy4d5YoMoSyLFHMfkEVEzbiN8Q==",
      "dependencies": {
        "@smithy/types": "^4.2.0"
      },
      "engines": {
        "node": ">=18.0.0"
      }
    },
    "node_modules/@smithy/shared-ini-file-loader": {
      "version": "4.0.2",
      "resolved": "https://registry.npmjs.org/@smithy/shared-ini-file-loader/-/shared-ini-file-loader-4.0.2.tgz",
      "integrity": "sha512-J9/gTWBGVuFZ01oVA6vdb4DAjf1XbDhK6sLsu3OS9qmLrS6KB5ygpeHiM3miIbj1qgSJ96GYszXFWv6ErJ8QEw==",
      "dependencies": {
        "@smithy/types": "^4.2.0",
        "tslib": "^2.6.2"
      },
      "engines": {
        "node": ">=18.0.0"
      }
    },
    "node_modules/@smithy/signature-v4": {
      "version": "5.1.0",
      "resolved": "https://registry.npmjs.org/@smithy/signature-v4/-/signature-v4-5.1.0.tgz",
      "integrity": "sha512-4t5WX60sL3zGJF/CtZsUQTs3UrZEDO2P7pEaElrekbLqkWPYkgqNW1oeiNYC6xXifBnT9dVBOnNQRvOE9riU9w==",
      "dependencies": {
        "@smithy/is-array-buffer": "^4.0.0",
        "@smithy/protocol-http": "^5.1.0",
        "@smithy/types": "^4.2.0",
        "@smithy/util-hex-encoding": "^4.0.0",
        "@smithy/util-middleware": "^4.0.2",
        "@smithy/util-uri-escape": "^4.0.0",
        "@smithy/util-utf8": "^4.0.0",
        "tslib": "^2.6.2"
      },
      "engines": {
        "node": ">=18.0.0"
      }
    },
    "node_modules/@smithy/smithy-client": {
      "version": "4.2.4",
      "resolved": "https://registry.npmjs.org/@smithy/smithy-client/-/smithy-client-4.2.4.tgz",
      "integrity": "sha512-oolSEpr/ABUtVmFMdNgi6sSXsK4csV9n4XM9yXgvDJGRa32tQDUdv9s+ztFZKccay1AiTWLSGsyDj2xy1gsv7Q==",
      "dependencies": {
        "@smithy/core": "^3.3.1",
        "@smithy/middleware-endpoint": "^4.1.4",
        "@smithy/middleware-stack": "^4.0.2",
        "@smithy/protocol-http": "^5.1.0",
        "@smithy/types": "^4.2.0",
        "@smithy/util-stream": "^4.2.0",
        "tslib": "^2.6.2"
      },
      "engines": {
        "node": ">=18.0.0"
      }
    },
    "node_modules/@smithy/types": {
      "version": "4.2.0",
      "resolved": "https://registry.npmjs.org/@smithy/types/-/types-4.2.0.tgz",
      "integrity": "sha512-7eMk09zQKCO+E/ivsjQv+fDlOupcFUCSC/L2YUPgwhvowVGWbPQHjEFcmjt7QQ4ra5lyowS92SV53Zc6XD4+fg==",
      "dependencies": {
        "tslib": "^2.6.2"
      },
      "engines": {
        "node": ">=18.0.0"
      }
    },
    "node_modules/@smithy/url-parser": {
      "version": "4.0.2",
      "resolved": "https://registry.npmjs.org/@smithy/url-parser/-/url-parser-4.0.2.tgz",
      "integrity": "sha512-Bm8n3j2ScqnT+kJaClSVCMeiSenK6jVAzZCNewsYWuZtnBehEz4r2qP0riZySZVfzB+03XZHJeqfmJDkeeSLiQ==",
      "dependencies": {
        "@smithy/querystring-parser": "^4.0.2",
        "@smithy/types": "^4.2.0",
        "tslib": "^2.6.2"
      },
      "engines": {
        "node": ">=18.0.0"
      }
    },
    "node_modules/@smithy/util-base64": {
      "version": "4.0.0",
      "resolved": "https://registry.npmjs.org/@smithy/util-base64/-/util-base64-4.0.0.tgz",
      "integrity": "sha512-CvHfCmO2mchox9kjrtzoHkWHxjHZzaFojLc8quxXY7WAAMAg43nuxwv95tATVgQFNDwd4M9S1qFzj40Ul41Kmg==",
      "dependencies": {
        "@smithy/util-buffer-from": "^4.0.0",
        "@smithy/util-utf8": "^4.0.0",
        "tslib": "^2.6.2"
      },
      "engines": {
        "node": ">=18.0.0"
      }
    },
    "node_modules/@smithy/util-body-length-browser": {
      "version": "4.0.0",
      "resolved": "https://registry.npmjs.org/@smithy/util-body-length-browser/-/util-body-length-browser-4.0.0.tgz",
      "integrity": "sha512-sNi3DL0/k64/LO3A256M+m3CDdG6V7WKWHdAiBBMUN8S3hK3aMPhwnPik2A/a2ONN+9doY9UxaLfgqsIRg69QA==",
      "dependencies": {
        "tslib": "^2.6.2"
      },
      "engines": {
        "node": ">=18.0.0"
      }
    },
    "node_modules/@smithy/util-body-length-node": {
      "version": "4.0.0",
      "resolved": "https://registry.npmjs.org/@smithy/util-body-length-node/-/util-body-length-node-4.0.0.tgz",
      "integrity": "sha512-q0iDP3VsZzqJyje8xJWEJCNIu3lktUGVoSy1KB0UWym2CL1siV3artm+u1DFYTLejpsrdGyCSWBdGNjJzfDPjg==",
      "dependencies": {
        "tslib": "^2.6.2"
      },
      "engines": {
        "node": ">=18.0.0"
      }
    },
    "node_modules/@smithy/util-buffer-from": {
      "version": "4.0.0",
      "resolved": "https://registry.npmjs.org/@smithy/util-buffer-from/-/util-buffer-from-4.0.0.tgz",
      "integrity": "sha512-9TOQ7781sZvddgO8nxueKi3+yGvkY35kotA0Y6BWRajAv8jjmigQ1sBwz0UX47pQMYXJPahSKEKYFgt+rXdcug==",
      "dependencies": {
        "@smithy/is-array-buffer": "^4.0.0",
        "tslib": "^2.6.2"
      },
      "engines": {
        "node": ">=18.0.0"
      }
    },
    "node_modules/@smithy/util-config-provider": {
      "version": "4.0.0",
      "resolved": "https://registry.npmjs.org/@smithy/util-config-provider/-/util-config-provider-4.0.0.tgz",
      "integrity": "sha512-L1RBVzLyfE8OXH+1hsJ8p+acNUSirQnWQ6/EgpchV88G6zGBTDPdXiiExei6Z1wR2RxYvxY/XLw6AMNCCt8H3w==",
      "dependencies": {
        "tslib": "^2.6.2"
      },
      "engines": {
        "node": ">=18.0.0"
      }
    },
    "node_modules/@smithy/util-defaults-mode-browser": {
      "version": "4.0.12",
      "resolved": "https://registry.npmjs.org/@smithy/util-defaults-mode-browser/-/util-defaults-mode-browser-4.0.12.tgz",
      "integrity": "sha512-0vPKiC+rXWMq397tsa/RFcO/kJ1UsibgNCXScMsRwzm9WMT4QjGf43zVPWZ5hPLu3z/1XddiZFIlKcu2j/yUuQ==",
      "dependencies": {
        "@smithy/property-provider": "^4.0.2",
        "@smithy/smithy-client": "^4.2.4",
        "@smithy/types": "^4.2.0",
        "bowser": "^2.11.0",
        "tslib": "^2.6.2"
      },
      "engines": {
        "node": ">=18.0.0"
      }
    },
    "node_modules/@smithy/util-defaults-mode-node": {
      "version": "4.0.12",
      "resolved": "https://registry.npmjs.org/@smithy/util-defaults-mode-node/-/util-defaults-mode-node-4.0.12.tgz",
      "integrity": "sha512-zCx9noceM3Pw2jvcJ3w3RbvKnPe3lCo6txH9ksZj6CeRZPkvRZPLXmKVSOvDr9QQP3VRq/WnBLd+LTZAL7+0IQ==",
      "dependencies": {
        "@smithy/config-resolver": "^4.1.2",
        "@smithy/credential-provider-imds": "^4.0.4",
        "@smithy/node-config-provider": "^4.1.1",
        "@smithy/property-provider": "^4.0.2",
        "@smithy/smithy-client": "^4.2.4",
        "@smithy/types": "^4.2.0",
        "tslib": "^2.6.2"
      },
      "engines": {
        "node": ">=18.0.0"
      }
    },
    "node_modules/@smithy/util-endpoints": {
      "version": "3.0.4",
      "resolved": "https://registry.npmjs.org/@smithy/util-endpoints/-/util-endpoints-3.0.4.tgz",
      "integrity": "sha512-VfFATC1bmZLV2858B/O1NpMcL32wYo8DPPhHxYxDCodDl3f3mSZ5oJheW1IF91A0EeAADz2WsakM/hGGPGNKLg==",
      "dependencies": {
        "@smithy/node-config-provider": "^4.1.1",
        "@smithy/types": "^4.2.0",
        "tslib": "^2.6.2"
      },
      "engines": {
        "node": ">=18.0.0"
      }
    },
    "node_modules/@smithy/util-hex-encoding": {
      "version": "4.0.0",
      "resolved": "https://registry.npmjs.org/@smithy/util-hex-encoding/-/util-hex-encoding-4.0.0.tgz",
      "integrity": "sha512-Yk5mLhHtfIgW2W2WQZWSg5kuMZCVbvhFmC7rV4IO2QqnZdbEFPmQnCcGMAX2z/8Qj3B9hYYNjZOhWym+RwhePw==",
      "dependencies": {
        "tslib": "^2.6.2"
      },
      "engines": {
        "node": ">=18.0.0"
      }
    },
    "node_modules/@smithy/util-middleware": {
      "version": "4.0.2",
      "resolved": "https://registry.npmjs.org/@smithy/util-middleware/-/util-middleware-4.0.2.tgz",
      "integrity": "sha512-6GDamTGLuBQVAEuQ4yDQ+ti/YINf/MEmIegrEeg7DdB/sld8BX1lqt9RRuIcABOhAGTA50bRbPzErez7SlDtDQ==",
      "dependencies": {
        "@smithy/types": "^4.2.0",
        "tslib": "^2.6.2"
      },
      "engines": {
        "node": ">=18.0.0"
      }
    },
    "node_modules/@smithy/util-retry": {
      "version": "4.0.3",
      "resolved": "https://registry.npmjs.org/@smithy/util-retry/-/util-retry-4.0.3.tgz",
      "integrity": "sha512-DPuYjZQDXmKr/sNvy9Spu8R/ESa2e22wXZzSAY6NkjOLj6spbIje/Aq8rT97iUMdDj0qHMRIe+bTxvlU74d9Ng==",
      "dependencies": {
        "@smithy/service-error-classification": "^4.0.3",
        "@smithy/types": "^4.2.0",
        "tslib": "^2.6.2"
      },
      "engines": {
        "node": ">=18.0.0"
      }
    },
    "node_modules/@smithy/util-stream": {
      "version": "4.2.0",
      "resolved": "https://registry.npmjs.org/@smithy/util-stream/-/util-stream-4.2.0.tgz",
      "integrity": "sha512-Vj1TtwWnuWqdgQI6YTUF5hQ/0jmFiOYsc51CSMgj7QfyO+RF4EnT2HNjoviNlOOmgzgvf3f5yno+EiC4vrnaWQ==",
      "dependencies": {
        "@smithy/fetch-http-handler": "^5.0.2",
        "@smithy/node-http-handler": "^4.0.4",
        "@smithy/types": "^4.2.0",
        "@smithy/util-base64": "^4.0.0",
        "@smithy/util-buffer-from": "^4.0.0",
        "@smithy/util-hex-encoding": "^4.0.0",
        "@smithy/util-utf8": "^4.0.0",
        "tslib": "^2.6.2"
      },
      "engines": {
        "node": ">=18.0.0"
      }
    },
    "node_modules/@smithy/util-uri-escape": {
      "version": "4.0.0",
      "resolved": "https://registry.npmjs.org/@smithy/util-uri-escape/-/util-uri-escape-4.0.0.tgz",
      "integrity": "sha512-77yfbCbQMtgtTylO9itEAdpPXSog3ZxMe09AEhm0dU0NLTalV70ghDZFR+Nfi1C60jnJoh/Re4090/DuZh2Omg==",
      "dependencies": {
        "tslib": "^2.6.2"
      },
      "engines": {
        "node": ">=18.0.0"
      }
    },
    "node_modules/@smithy/util-utf8": {
      "version": "4.0.0",
      "resolved": "https://registry.npmjs.org/@smithy/util-utf8/-/util-utf8-4.0.0.tgz",
      "integrity": "sha512-b+zebfKCfRdgNJDknHCob3O7FpeYQN6ZG6YLExMcasDHsCXlsXCEuiPZeLnJLpwa5dvPetGlnGCiMHuLwGvFow==",
      "dependencies": {
        "@smithy/util-buffer-from": "^4.0.0",
        "tslib": "^2.6.2"
      },
      "engines": {
        "node": ">=18.0.0"
      }
    },
    "node_modules/bowser": {
      "version": "2.11.0",
      "resolved": "https://registry.npmjs.org/bowser/-/bowser-2.11.0.tgz",
      "integrity": "sha512-AlcaJBi/pqqJBIQ8U9Mcpc9i8Aqxn88Skv5d+xBX006BY5u8N3mGLHa5Lgppa7L/HfwgwLgZ6NYs+Ag6uUmJRA=="
    },
    "node_modules/fast-xml-parser": {
      "version": "4.4.1",
      "resolved": "https://registry.npmjs.org/fast-xml-parser/-/fast-xml-parser-4.4.1.tgz",
      "integrity": "sha512-xkjOecfnKGkSsOwtZ5Pz7Us/T6mrbPQrq0nh+aCO5V9nk5NLWmasAHumTKjiPJPWANe+kAZ84Jc8ooJkzZ88Sw==",
      "funding": [
        {
          "type": "github",
          "url": "https://github.com/sponsors/NaturalIntelligence"
        },
        {
          "type": "paypal",
          "url": "https://paypal.me/naturalintelligence"
        }
      ],
      "dependencies": {
        "strnum": "^1.0.5"
      },
      "bin": {
        "fxparser": "src/cli/cli.js"
      }
    },
    "node_modules/strnum": {
      "version": "1.1.2",
      "resolved": "https://registry.npmjs.org/strnum/-/strnum-1.1.2.tgz",
      "integrity": "sha512-vrN+B7DBIoTTZjnPNewwhx6cBA/H+IS7rfW68n7XxC1y7uoiGQBxaKzqucGUgavX15dJgiGztLJ8vxuEzwqBdA==",
      "funding": [
        {
          "type": "github",
          "url": "https://github.com/sponsors/NaturalIntelligence"
        }
      ]
    },
    "node_modules/tslib": {
      "version": "2.8.1",
      "resolved": "https://registry.npmjs.org/tslib/-/tslib-2.8.1.tgz",
      "integrity": "sha512-oJFu94HQb+KVduSUQL7wnpmqnfmLsOA/nAh6b6EH0wCEoK0/mPeXU6c3wKDV83MkOuHPRHtSXKKU99IBazS/2w=="
    },
    "node_modules/uuid": {
      "version": "9.0.1",
      "resolved": "https://registry.npmjs.org/uuid/-/uuid-9.0.1.tgz",
      "integrity": "sha512-b+1eJOlsR9K8HJpow9Ok3fiWOWSIcIzXodvv0rQjVoOVNpWMpxf1wZNpt4y9h10odCNrqnYp1OBzRktckBe3sA==",
      "funding": [
        "https://github.com/sponsors/broofa",
        "https://github.com/sponsors/ctavan"
      ],
      "bin": {
        "uuid": "dist/bin/uuid"
      }
    }
  }
}
