{
  "name": "@activepieces/piece-openai",
  "version": "0.6.0",
  "lockfileVersion": 3,
  "requires": true,
  "packages": {
    "": {
      "name": "@activepieces/piece-openai",
      "version": "0.6.0",
      "dependencies": {
        "tiktoken": "1.0.11"
      }
    },
    "node_modules/tiktoken": {
      "version": "1.0.11",
      "resolved": "https://registry.npmjs.org/tiktoken/-/tiktoken-1.0.11.tgz",
      "integrity": "sha512-aMJcn9NGmb6zDXkCweJLnACyIyjdiYIk1odAfnCUvin7O1QsV1rQP1hatGDMhQovxkeSJhFeU7QuGkbDHGciDQ=="
    }
  }
}
